// !$*UTF8*$!
{
	archiveVersion = 1;
	classes = {
	};
	objectVersion = 56;
	objects = {

/* Begin PBXBuildFile section */
		A2F98FB32BEA5BD000F7B2A7 /* ContentView20.swift in Sources */ = {isa = PBXBuildFile; fileRef = A2F98FB22BEA5BD000F7B2A7 /* ContentView20.swift */; };
		A2F98FB42BEA5BD000F7B2A7 /* ContentView20.swift in Sources */ = {isa = PBXBuildFile; fileRef = A2F98FB22BEA5BD000F7B2A7 /* ContentView20.swift */; };
		A2F98FB52BEA5BD000F7B2A7 /* ContentView20.swift in Sources */ = {isa = PBXBuildFile; fileRef = A2F98FB22BEA5BD000F7B2A7 /* ContentView20.swift */; };
		AC11F4C72BCD0454007EECBB /* TabView13.swift in Sources */ = {isa = PBXBuildFile; fileRef = AC11F4C62BCD0454007EECBB /* TabView13.swift */; };
		AC11F4C82BCD0454007EECBB /* TabView13.swift in Sources */ = {isa = PBXBuildFile; fileRef = AC11F4C62BCD0454007EECBB /* TabView13.swift */; };
		AC11F4C92BCD0454007EECBB /* TabView13.swift in Sources */ = {isa = PBXBuildFile; fileRef = AC11F4C62BCD0454007EECBB /* TabView13.swift */; };
		AC11F4CB2BCD07CB007EECBB /* ContentView13.swift in Sources */ = {isa = PBXBuildFile; fileRef = AC11F4CA2BCD07CB007EECBB /* ContentView13.swift */; };
		AC11F4CC2BCD07CB007EECBB /* ContentView13.swift in Sources */ = {isa = PBXBuildFile; fileRef = AC11F4CA2BCD07CB007EECBB /* ContentView13.swift */; };
		AC11F4CD2BCD07CB007EECBB /* ContentView13.swift in Sources */ = {isa = PBXBuildFile; fileRef = AC11F4CA2BCD07CB007EECBB /* ContentView13.swift */; };
		AC11F4D82BCD1CA1007EECBB /* TabView14.swift in Sources */ = {isa = PBXBuildFile; fileRef = AC11F4D72BCD1CA1007EECBB /* TabView14.swift */; };
		AC11F4D92BCD1CA1007EECBB /* TabView14.swift in Sources */ = {isa = PBXBuildFile; fileRef = AC11F4D72BCD1CA1007EECBB /* TabView14.swift */; };
		AC11F4DA2BCD1CA1007EECBB /* TabView14.swift in Sources */ = {isa = PBXBuildFile; fileRef = AC11F4D72BCD1CA1007EECBB /* TabView14.swift */; };
		AC20380A2BC4D76B003132AF /* ContentView8.swift in Sources */ = {isa = PBXBuildFile; fileRef = AC2038092BC4D76B003132AF /* ContentView8.swift */; };
		AC20380B2BC4D76B003132AF /* ContentView8.swift in Sources */ = {isa = PBXBuildFile; fileRef = AC2038092BC4D76B003132AF /* ContentView8.swift */; };
		AC20380C2BC4D76B003132AF /* ContentView8.swift in Sources */ = {isa = PBXBuildFile; fileRef = AC2038092BC4D76B003132AF /* ContentView8.swift */; };
		AC20380E2BC4DB6D003132AF /* ProjectCardView8.swift in Sources */ = {isa = PBXBuildFile; fileRef = AC20380D2BC4DB6D003132AF /* ProjectCardView8.swift */; };
		AC20380F2BC4DB6D003132AF /* ProjectCardView8.swift in Sources */ = {isa = PBXBuildFile; fileRef = AC20380D2BC4DB6D003132AF /* ProjectCardView8.swift */; };
		AC2038102BC4DB6D003132AF /* ProjectCardView8.swift in Sources */ = {isa = PBXBuildFile; fileRef = AC20380D2BC4DB6D003132AF /* ProjectCardView8.swift */; };
		AC2038122BC4DC04003132AF /* ProjectBasicView8.swift in Sources */ = {isa = PBXBuildFile; fileRef = AC2038112BC4DC04003132AF /* ProjectBasicView8.swift */; };
		AC2038132BC4DC04003132AF /* ProjectBasicView8.swift in Sources */ = {isa = PBXBuildFile; fileRef = AC2038112BC4DC04003132AF /* ProjectBasicView8.swift */; };
		AC2038142BC4DC04003132AF /* ProjectBasicView8.swift in Sources */ = {isa = PBXBuildFile; fileRef = AC2038112BC4DC04003132AF /* ProjectBasicView8.swift */; };
		AC20F3A22BFB1BE700ACF354 /* Reducer.swift in Sources */ = {isa = PBXBuildFile; fileRef = AC20F3A12BFB1BE700ACF354 /* Reducer.swift */; };
		AC20F3A32BFB1BE700ACF354 /* Reducer.swift in Sources */ = {isa = PBXBuildFile; fileRef = AC20F3A12BFB1BE700ACF354 /* Reducer.swift */; };
		AC20F3A42BFB1BE700ACF354 /* Reducer.swift in Sources */ = {isa = PBXBuildFile; fileRef = AC20F3A12BFB1BE700ACF354 /* Reducer.swift */; };
		AC20F3A62BFB1F5A00ACF354 /* AppStore.swift in Sources */ = {isa = PBXBuildFile; fileRef = AC20F3A52BFB1F5A00ACF354 /* AppStore.swift */; };
		AC20F3A72BFB1F5A00ACF354 /* AppStore.swift in Sources */ = {isa = PBXBuildFile; fileRef = AC20F3A52BFB1F5A00ACF354 /* AppStore.swift */; };
		AC20F3A82BFB1F5A00ACF354 /* AppStore.swift in Sources */ = {isa = PBXBuildFile; fileRef = AC20F3A52BFB1F5A00ACF354 /* AppStore.swift */; };
		AC20F3AA2BFB235500ACF354 /* DiceView24.swift in Sources */ = {isa = PBXBuildFile; fileRef = AC20F3A92BFB235500ACF354 /* DiceView24.swift */; };
		AC20F3AB2BFB235500ACF354 /* DiceView24.swift in Sources */ = {isa = PBXBuildFile; fileRef = AC20F3A92BFB235500ACF354 /* DiceView24.swift */; };
		AC20F3AC2BFB235500ACF354 /* DiceView24.swift in Sources */ = {isa = PBXBuildFile; fileRef = AC20F3A92BFB235500ACF354 /* DiceView24.swift */; };
		AC20F3AF2BFB2E8F00ACF354 /* ContentView25.swift in Sources */ = {isa = PBXBuildFile; fileRef = AC20F3AE2BFB2E8F00ACF354 /* ContentView25.swift */; };
		AC20F3B02BFB2E8F00ACF354 /* ContentView25.swift in Sources */ = {isa = PBXBuildFile; fileRef = AC20F3AE2BFB2E8F00ACF354 /* ContentView25.swift */; };
		AC20F3B12BFB2E8F00ACF354 /* ContentView25.swift in Sources */ = {isa = PBXBuildFile; fileRef = AC20F3AE2BFB2E8F00ACF354 /* ContentView25.swift */; };
		AC20F3B32BFB2EE600ACF354 /* ContentViewModel25.swift in Sources */ = {isa = PBXBuildFile; fileRef = AC20F3B22BFB2EE600ACF354 /* ContentViewModel25.swift */; };
		AC20F3B42BFB2EE600ACF354 /* ContentViewModel25.swift in Sources */ = {isa = PBXBuildFile; fileRef = AC20F3B22BFB2EE600ACF354 /* ContentViewModel25.swift */; };
		AC20F3B52BFB2EE600ACF354 /* ContentViewModel25.swift in Sources */ = {isa = PBXBuildFile; fileRef = AC20F3B22BFB2EE600ACF354 /* ContentViewModel25.swift */; };
		AC2556CA2BE49CA2002BB8FA /* ContentView16.swift in Sources */ = {isa = PBXBuildFile; fileRef = AC2556C92BE49CA2002BB8FA /* ContentView16.swift */; };
		AC2556CB2BE49CA2002BB8FA /* ContentView16.swift in Sources */ = {isa = PBXBuildFile; fileRef = AC2556C92BE49CA2002BB8FA /* ContentView16.swift */; };
		AC2556CC2BE49CA2002BB8FA /* ContentView16.swift in Sources */ = {isa = PBXBuildFile; fileRef = AC2556C92BE49CA2002BB8FA /* ContentView16.swift */; };
		AC2556D42BE4B3A1002BB8FA /* CodeScanner in Frameworks */ = {isa = PBXBuildFile; productRef = AC2556D32BE4B3A1002BB8FA /* CodeScanner */; };
		AC2556DA2BE4B860002BB8FA /* QRCodeScannerView.swift in Sources */ = {isa = PBXBuildFile; fileRef = AC2556D92BE4B860002BB8FA /* QRCodeScannerView.swift */; };
		AC2556DC2BE4CC9C002BB8FA /* CodeScanner in Frameworks */ = {isa = PBXBuildFile; productRef = AC2556DB2BE4CC9C002BB8FA /* CodeScanner */; };
		AC2556DF2BE4CCAB002BB8FA /* CodeScanner in Frameworks */ = {isa = PBXBuildFile; productRef = AC2556DE2BE4CCAB002BB8FA /* CodeScanner */; };
		AC2556EB2BE9CC14002BB8FA /* LottoGenie.swift in Sources */ = {isa = PBXBuildFile; fileRef = AC2556EA2BE9CC14002BB8FA /* LottoGenie.swift */; };
		AC2556EC2BE9CC14002BB8FA /* LottoGenie.swift in Sources */ = {isa = PBXBuildFile; fileRef = AC2556EA2BE9CC14002BB8FA /* LottoGenie.swift */; };
		AC2556ED2BE9CC14002BB8FA /* LottoGenie.swift in Sources */ = {isa = PBXBuildFile; fileRef = AC2556EA2BE9CC14002BB8FA /* LottoGenie.swift */; };
		AC2556F02BE9F2B8002BB8FA /* ContentView17.swift in Sources */ = {isa = PBXBuildFile; fileRef = AC2556EF2BE9F2B8002BB8FA /* ContentView17.swift */; };
		AC2556F12BE9F2B8002BB8FA /* ContentView17.swift in Sources */ = {isa = PBXBuildFile; fileRef = AC2556EF2BE9F2B8002BB8FA /* ContentView17.swift */; };
		AC2556F22BE9F2B8002BB8FA /* ContentView17.swift in Sources */ = {isa = PBXBuildFile; fileRef = AC2556EF2BE9F2B8002BB8FA /* ContentView17.swift */; };
		AC2556F42BE9F3F6002BB8FA /* TapButtonStyle.swift in Sources */ = {isa = PBXBuildFile; fileRef = AC2556F32BE9F3F6002BB8FA /* TapButtonStyle.swift */; };
		AC2556F52BE9F3F6002BB8FA /* TapButtonStyle.swift in Sources */ = {isa = PBXBuildFile; fileRef = AC2556F32BE9F3F6002BB8FA /* TapButtonStyle.swift */; };
		AC2556F62BE9F3F6002BB8FA /* TapButtonStyle.swift in Sources */ = {isa = PBXBuildFile; fileRef = AC2556F32BE9F3F6002BB8FA /* TapButtonStyle.swift */; };
		AC2556F82BE9F8B4002BB8FA /* ReductionButtonStyle.swift in Sources */ = {isa = PBXBuildFile; fileRef = AC2556F72BE9F8B4002BB8FA /* ReductionButtonStyle.swift */; };
		AC2556F92BE9F8B4002BB8FA /* ReductionButtonStyle.swift in Sources */ = {isa = PBXBuildFile; fileRef = AC2556F72BE9F8B4002BB8FA /* ReductionButtonStyle.swift */; };
		AC2556FA2BE9F8B4002BB8FA /* ReductionButtonStyle.swift in Sources */ = {isa = PBXBuildFile; fileRef = AC2556F72BE9F8B4002BB8FA /* ReductionButtonStyle.swift */; };
		AC2556FC2BEA01F5002BB8FA /* RotationButtonStyle.swift in Sources */ = {isa = PBXBuildFile; fileRef = AC2556FB2BEA01F5002BB8FA /* RotationButtonStyle.swift */; };
		AC2556FD2BEA01F5002BB8FA /* RotationButtonStyle.swift in Sources */ = {isa = PBXBuildFile; fileRef = AC2556FB2BEA01F5002BB8FA /* RotationButtonStyle.swift */; };
		AC2556FE2BEA01F5002BB8FA /* RotationButtonStyle.swift in Sources */ = {isa = PBXBuildFile; fileRef = AC2556FB2BEA01F5002BB8FA /* RotationButtonStyle.swift */; };
		AC2557002BEA0556002BB8FA /* BlurButtonStyle.swift in Sources */ = {isa = PBXBuildFile; fileRef = AC2556FF2BEA0556002BB8FA /* BlurButtonStyle.swift */; };
		AC2557012BEA0556002BB8FA /* BlurButtonStyle.swift in Sources */ = {isa = PBXBuildFile; fileRef = AC2556FF2BEA0556002BB8FA /* BlurButtonStyle.swift */; };
		AC2557022BEA0556002BB8FA /* BlurButtonStyle.swift in Sources */ = {isa = PBXBuildFile; fileRef = AC2556FF2BEA0556002BB8FA /* BlurButtonStyle.swift */; };
		AC25570F2BEA11E1002BB8FA /* ContentView18.swift in Sources */ = {isa = PBXBuildFile; fileRef = AC25570E2BEA11E1002BB8FA /* ContentView18.swift */; };
		AC2557102BEA11E1002BB8FA /* ContentView18.swift in Sources */ = {isa = PBXBuildFile; fileRef = AC25570E2BEA11E1002BB8FA /* ContentView18.swift */; };
		AC2557112BEA11E1002BB8FA /* ContentView18.swift in Sources */ = {isa = PBXBuildFile; fileRef = AC25570E2BEA11E1002BB8FA /* ContentView18.swift */; };
		AC2557132BEA134D002BB8FA /* RoundTextFieldStyle.swift in Sources */ = {isa = PBXBuildFile; fileRef = AC2557122BEA134D002BB8FA /* RoundTextFieldStyle.swift */; };
		AC2557142BEA134D002BB8FA /* RoundTextFieldStyle.swift in Sources */ = {isa = PBXBuildFile; fileRef = AC2557122BEA134D002BB8FA /* RoundTextFieldStyle.swift */; };
		AC2557152BEA134D002BB8FA /* RoundTextFieldStyle.swift in Sources */ = {isa = PBXBuildFile; fileRef = AC2557122BEA134D002BB8FA /* RoundTextFieldStyle.swift */; };
		AC25571D2BEB0019002BB8FA /* ContentView20_2.swift in Sources */ = {isa = PBXBuildFile; fileRef = AC25571C2BEB0019002BB8FA /* ContentView20_2.swift */; };
		AC25571E2BEB0019002BB8FA /* ContentView20_2.swift in Sources */ = {isa = PBXBuildFile; fileRef = AC25571C2BEB0019002BB8FA /* ContentView20_2.swift */; };
		AC25571F2BEB0019002BB8FA /* ContentView20_2.swift in Sources */ = {isa = PBXBuildFile; fileRef = AC25571C2BEB0019002BB8FA /* ContentView20_2.swift */; };
		AC2557222BEB4617002BB8FA /* ContentView21.swift in Sources */ = {isa = PBXBuildFile; fileRef = AC2557212BEB4617002BB8FA /* ContentView21.swift */; };
		AC2557232BEB4617002BB8FA /* ContentView21.swift in Sources */ = {isa = PBXBuildFile; fileRef = AC2557212BEB4617002BB8FA /* ContentView21.swift */; };
		AC2557242BEB4617002BB8FA /* ContentView21.swift in Sources */ = {isa = PBXBuildFile; fileRef = AC2557212BEB4617002BB8FA /* ContentView21.swift */; };
		AC2557262BEB4C14002BB8FA /* ProfileView21.swift in Sources */ = {isa = PBXBuildFile; fileRef = AC2557252BEB4C14002BB8FA /* ProfileView21.swift */; };
		AC2557272BEB4C14002BB8FA /* ProfileView21.swift in Sources */ = {isa = PBXBuildFile; fileRef = AC2557252BEB4C14002BB8FA /* ProfileView21.swift */; };
		AC2557282BEB4C14002BB8FA /* ProfileView21.swift in Sources */ = {isa = PBXBuildFile; fileRef = AC2557252BEB4C14002BB8FA /* ProfileView21.swift */; };
		AC25572A2BEB5130002BB8FA /* ListView21.swift in Sources */ = {isa = PBXBuildFile; fileRef = AC2557292BEB5130002BB8FA /* ListView21.swift */; };
		AC25572B2BEB5130002BB8FA /* ListView21.swift in Sources */ = {isa = PBXBuildFile; fileRef = AC2557292BEB5130002BB8FA /* ListView21.swift */; };
		AC25572C2BEB5130002BB8FA /* ListView21.swift in Sources */ = {isa = PBXBuildFile; fileRef = AC2557292BEB5130002BB8FA /* ListView21.swift */; };
		AC5F535A2BEC5539002614FB /* ContentView22.swift in Sources */ = {isa = PBXBuildFile; fileRef = AC5F53592BEC5539002614FB /* ContentView22.swift */; };
		AC5F535B2BEC5539002614FB /* ContentView22.swift in Sources */ = {isa = PBXBuildFile; fileRef = AC5F53592BEC5539002614FB /* ContentView22.swift */; };
		AC5F535C2BEC5539002614FB /* ContentView22.swift in Sources */ = {isa = PBXBuildFile; fileRef = AC5F53592BEC5539002614FB /* ContentView22.swift */; };
		AC69D5F52BF34692004F25C8 /* ContentView24.swift in Sources */ = {isa = PBXBuildFile; fileRef = AC69D5F42BF34692004F25C8 /* ContentView24.swift */; };
		AC69D5F62BF34692004F25C8 /* ContentView24.swift in Sources */ = {isa = PBXBuildFile; fileRef = AC69D5F42BF34692004F25C8 /* ContentView24.swift */; };
		AC69D5F72BF34692004F25C8 /* ContentView24.swift in Sources */ = {isa = PBXBuildFile; fileRef = AC69D5F42BF34692004F25C8 /* ContentView24.swift */; };
		AC69D5F92BF3523E004F25C8 /* AppState.swift in Sources */ = {isa = PBXBuildFile; fileRef = AC69D5F82BF3523E004F25C8 /* AppState.swift */; };
		AC69D5FA2BF3523E004F25C8 /* AppState.swift in Sources */ = {isa = PBXBuildFile; fileRef = AC69D5F82BF3523E004F25C8 /* AppState.swift */; };
		AC69D5FB2BF3523E004F25C8 /* AppState.swift in Sources */ = {isa = PBXBuildFile; fileRef = AC69D5F82BF3523E004F25C8 /* AppState.swift */; };
		AC69D5FD2BF35286004F25C8 /* AppAction.swift in Sources */ = {isa = PBXBuildFile; fileRef = AC69D5FC2BF35286004F25C8 /* AppAction.swift */; };
		AC69D5FE2BF35286004F25C8 /* AppAction.swift in Sources */ = {isa = PBXBuildFile; fileRef = AC69D5FC2BF35286004F25C8 /* AppAction.swift */; };
		AC69D5FF2BF35286004F25C8 /* AppAction.swift in Sources */ = {isa = PBXBuildFile; fileRef = AC69D5FC2BF35286004F25C8 /* AppAction.swift */; };
		AC85D5A82BC76ABC00F4AE36 /* ListView10.swift in Sources */ = {isa = PBXBuildFile; fileRef = AC85D5A72BC76ABC00F4AE36 /* ListView10.swift */; };
		AC85D5A92BC76ABC00F4AE36 /* ListView10.swift in Sources */ = {isa = PBXBuildFile; fileRef = AC85D5A72BC76ABC00F4AE36 /* ListView10.swift */; };
		AC85D5AA2BC76ABC00F4AE36 /* ListView10.swift in Sources */ = {isa = PBXBuildFile; fileRef = AC85D5A72BC76ABC00F4AE36 /* ListView10.swift */; };
		AC85D5AC2BC7767000F4AE36 /* NavigationView11.swift in Sources */ = {isa = PBXBuildFile; fileRef = AC85D5AB2BC7767000F4AE36 /* NavigationView11.swift */; };
		AC85D5AD2BC7767000F4AE36 /* NavigationView11.swift in Sources */ = {isa = PBXBuildFile; fileRef = AC85D5AB2BC7767000F4AE36 /* NavigationView11.swift */; };
		AC85D5AE2BC7767000F4AE36 /* NavigationView11.swift in Sources */ = {isa = PBXBuildFile; fileRef = AC85D5AB2BC7767000F4AE36 /* NavigationView11.swift */; };
		AC85D5B12BC7C1D800F4AE36 /* ContentView12.swift in Sources */ = {isa = PBXBuildFile; fileRef = AC85D5B02BC7C1D800F4AE36 /* ContentView12.swift */; };
		AC85D5B22BC7C1D800F4AE36 /* ContentView12.swift in Sources */ = {isa = PBXBuildFile; fileRef = AC85D5B02BC7C1D800F4AE36 /* ContentView12.swift */; };
		AC85D5B32BC7C1D800F4AE36 /* ContentView12.swift in Sources */ = {isa = PBXBuildFile; fileRef = AC85D5B02BC7C1D800F4AE36 /* ContentView12.swift */; };
		AC85D5B52BC7C9D000F4AE36 /* ContentView12_2.swift in Sources */ = {isa = PBXBuildFile; fileRef = AC85D5B42BC7C9D000F4AE36 /* ContentView12_2.swift */; };
		AC85D5B62BC7C9D000F4AE36 /* ContentView12_2.swift in Sources */ = {isa = PBXBuildFile; fileRef = AC85D5B42BC7C9D000F4AE36 /* ContentView12_2.swift */; };
		AC85D5B72BC7C9D000F4AE36 /* ContentView12_2.swift in Sources */ = {isa = PBXBuildFile; fileRef = AC85D5B42BC7C9D000F4AE36 /* ContentView12_2.swift */; };
		AC8B74C32BBFCAE9003504C3 /* SwiftUI_PracticeApp.swift in Sources */ = {isa = PBXBuildFile; fileRef = AC8B74C22BBFCAE9003504C3 /* SwiftUI_PracticeApp.swift */; };
		AC8B74C52BBFCAE9003504C3 /* IndexContentView.swift in Sources */ = {isa = PBXBuildFile; fileRef = AC8B74C42BBFCAE9003504C3 /* IndexContentView.swift */; };
		AC8B74C72BBFCAEB003504C3 /* Assets.xcassets in Resources */ = {isa = PBXBuildFile; fileRef = AC8B74C62BBFCAEB003504C3 /* Assets.xcassets */; };
		AC8B74CA2BBFCAEB003504C3 /* Preview Assets.xcassets in Resources */ = {isa = PBXBuildFile; fileRef = AC8B74C92BBFCAEB003504C3 /* Preview Assets.xcassets */; };
		AC8B74D42BBFCAEB003504C3 /* SwiftUI_PracticeTests.swift in Sources */ = {isa = PBXBuildFile; fileRef = AC8B74D32BBFCAEB003504C3 /* SwiftUI_PracticeTests.swift */; };
		AC8B74DE2BBFCAEB003504C3 /* SwiftUI_PracticeUITests.swift in Sources */ = {isa = PBXBuildFile; fileRef = AC8B74DD2BBFCAEB003504C3 /* SwiftUI_PracticeUITests.swift */; };
		AC8B74E02BBFCAEB003504C3 /* SwiftUI_PracticeUITestsLaunchTests.swift in Sources */ = {isa = PBXBuildFile; fileRef = AC8B74DF2BBFCAEB003504C3 /* SwiftUI_PracticeUITestsLaunchTests.swift */; };
		AC8B74EE2BBFD71E003504C3 /* ContentView1.swift in Sources */ = {isa = PBXBuildFile; fileRef = AC8B74ED2BBFD71E003504C3 /* ContentView1.swift */; };
		AC8B74EF2BBFD71E003504C3 /* ContentView1.swift in Sources */ = {isa = PBXBuildFile; fileRef = AC8B74ED2BBFD71E003504C3 /* ContentView1.swift */; };
		AC8B74F02BBFD71E003504C3 /* ContentView1.swift in Sources */ = {isa = PBXBuildFile; fileRef = AC8B74ED2BBFD71E003504C3 /* ContentView1.swift */; };
		AC8B74FB2BBFD8D9003504C3 /* ContentView4.swift in Sources */ = {isa = PBXBuildFile; fileRef = AC8B74FA2BBFD8D9003504C3 /* ContentView4.swift */; };
		AC8B74FC2BBFD8D9003504C3 /* ContentView4.swift in Sources */ = {isa = PBXBuildFile; fileRef = AC8B74FA2BBFD8D9003504C3 /* ContentView4.swift */; };
		AC8B74FD2BBFD8D9003504C3 /* ContentView4.swift in Sources */ = {isa = PBXBuildFile; fileRef = AC8B74FA2BBFD8D9003504C3 /* ContentView4.swift */; };
		AC8B74FF2BBFD90B003504C3 /* MyWebview4.swift in Sources */ = {isa = PBXBuildFile; fileRef = AC8B74FE2BBFD90B003504C3 /* MyWebview4.swift */; };
		AC8B75002BBFD90B003504C3 /* MyWebview4.swift in Sources */ = {isa = PBXBuildFile; fileRef = AC8B74FE2BBFD90B003504C3 /* MyWebview4.swift */; };
		AC8B75012BBFD90B003504C3 /* MyWebview4.swift in Sources */ = {isa = PBXBuildFile; fileRef = AC8B74FE2BBFD90B003504C3 /* MyWebview4.swift */; };
		AC8B75042BBFDCAF003504C3 /* ContentView5.swift in Sources */ = {isa = PBXBuildFile; fileRef = AC8B75032BBFDCAF003504C3 /* ContentView5.swift */; };
		AC8B75052BBFDCAF003504C3 /* ContentView5.swift in Sources */ = {isa = PBXBuildFile; fileRef = AC8B75032BBFDCAF003504C3 /* ContentView5.swift */; };
		AC8B75062BBFDCAF003504C3 /* ContentView5.swift in Sources */ = {isa = PBXBuildFile; fileRef = AC8B75032BBFDCAF003504C3 /* ContentView5.swift */; };
		AC8B75092BBFDCDD003504C3 /* ContentView6.swift in Sources */ = {isa = PBXBuildFile; fileRef = AC8B75082BBFDCDD003504C3 /* ContentView6.swift */; };
		AC8B750A2BBFDCDD003504C3 /* ContentView6.swift in Sources */ = {isa = PBXBuildFile; fileRef = AC8B75082BBFDCDD003504C3 /* ContentView6.swift */; };
		AC8B750B2BBFDCDD003504C3 /* ContentView6.swift in Sources */ = {isa = PBXBuildFile; fileRef = AC8B75082BBFDCDD003504C3 /* ContentView6.swift */; };
		AC8B750D2BBFDCEF003504C3 /* CircleImageView6.swift in Sources */ = {isa = PBXBuildFile; fileRef = AC8B750C2BBFDCEF003504C3 /* CircleImageView6.swift */; };
		AC8B750E2BBFDCEF003504C3 /* CircleImageView6.swift in Sources */ = {isa = PBXBuildFile; fileRef = AC8B750C2BBFDCEF003504C3 /* CircleImageView6.swift */; };
		AC8B750F2BBFDCEF003504C3 /* CircleImageView6.swift in Sources */ = {isa = PBXBuildFile; fileRef = AC8B750C2BBFDCEF003504C3 /* CircleImageView6.swift */; };
		AC8B75172BBFE1A1003504C3 /* VStackView7.swift in Sources */ = {isa = PBXBuildFile; fileRef = AC8B75162BBFE1A1003504C3 /* VStackView7.swift */; };
		AC8B75182BBFE1A1003504C3 /* VStackView7.swift in Sources */ = {isa = PBXBuildFile; fileRef = AC8B75162BBFE1A1003504C3 /* VStackView7.swift */; };
		AC8B75192BBFE1A1003504C3 /* VStackView7.swift in Sources */ = {isa = PBXBuildFile; fileRef = AC8B75162BBFE1A1003504C3 /* VStackView7.swift */; };
		AC8B751B2BBFE6EE003504C3 /* HStackView7.swift in Sources */ = {isa = PBXBuildFile; fileRef = AC8B751A2BBFE6EE003504C3 /* HStackView7.swift */; };
		AC8B751C2BBFE6EE003504C3 /* HStackView7.swift in Sources */ = {isa = PBXBuildFile; fileRef = AC8B751A2BBFE6EE003504C3 /* HStackView7.swift */; };
		AC8B751D2BBFE6EE003504C3 /* HStackView7.swift in Sources */ = {isa = PBXBuildFile; fileRef = AC8B751A2BBFE6EE003504C3 /* HStackView7.swift */; };
		AC8B751F2BBFE8A7003504C3 /* ZStackView7.swift in Sources */ = {isa = PBXBuildFile; fileRef = AC8B751E2BBFE8A7003504C3 /* ZStackView7.swift */; };
		AC8B75202BBFE8A7003504C3 /* ZStackView7.swift in Sources */ = {isa = PBXBuildFile; fileRef = AC8B751E2BBFE8A7003504C3 /* ZStackView7.swift */; };
		AC8B75212BBFE8A7003504C3 /* ZStackView7.swift in Sources */ = {isa = PBXBuildFile; fileRef = AC8B751E2BBFE8A7003504C3 /* ZStackView7.swift */; };
		ACC8C8B32BFC883600E1AFAF /* User.swift in Sources */ = {isa = PBXBuildFile; fileRef = ACC8C8B22BFC883600E1AFAF /* User.swift */; };
		ACC8C8B42BFC883600E1AFAF /* User.swift in Sources */ = {isa = PBXBuildFile; fileRef = ACC8C8B22BFC883600E1AFAF /* User.swift */; };
		ACC8C8B52BFC883600E1AFAF /* User.swift in Sources */ = {isa = PBXBuildFile; fileRef = ACC8C8B22BFC883600E1AFAF /* User.swift */; };
		ACC8C8B82BFC885C00E1AFAF /* API.swift in Sources */ = {isa = PBXBuildFile; fileRef = ACC8C8B72BFC885C00E1AFAF /* API.swift */; };
		ACC8C8B92BFC885C00E1AFAF /* API.swift in Sources */ = {isa = PBXBuildFile; fileRef = ACC8C8B72BFC885C00E1AFAF /* API.swift */; };
		ACC8C8BA2BFC885C00E1AFAF /* API.swift in Sources */ = {isa = PBXBuildFile; fileRef = ACC8C8B72BFC885C00E1AFAF /* API.swift */; };
		ACC8C8BC2BFC88CE00E1AFAF /* APIService.swift in Sources */ = {isa = PBXBuildFile; fileRef = ACC8C8BB2BFC88CE00E1AFAF /* APIService.swift */; };
		ACC8C8BD2BFC88CE00E1AFAF /* APIService.swift in Sources */ = {isa = PBXBuildFile; fileRef = ACC8C8BB2BFC88CE00E1AFAF /* APIService.swift */; };
		ACC8C8BE2BFC88CE00E1AFAF /* APIService.swift in Sources */ = {isa = PBXBuildFile; fileRef = ACC8C8BB2BFC88CE00E1AFAF /* APIService.swift */; };
		ACC8C8C12BFC8A0B00E1AFAF /* Alamofire in Frameworks */ = {isa = PBXBuildFile; productRef = ACC8C8C02BFC8A0B00E1AFAF /* Alamofire */; };
		ACC8C8C42BFC93ED00E1AFAF /* Alamofire in Frameworks */ = {isa = PBXBuildFile; productRef = ACC8C8C32BFC93ED00E1AFAF /* Alamofire */; };
		ACC8C8C62BFC93F100E1AFAF /* Alamofire in Frameworks */ = {isa = PBXBuildFile; productRef = ACC8C8C52BFC93F100E1AFAF /* Alamofire */; };
		ACC8C8C82BFD79B000E1AFAF /* ProfileView25.swift in Sources */ = {isa = PBXBuildFile; fileRef = ACC8C8C72BFD79B000E1AFAF /* ProfileView25.swift */; };
		ACC8C8C92BFD79B000E1AFAF /* ProfileView25.swift in Sources */ = {isa = PBXBuildFile; fileRef = ACC8C8C72BFD79B000E1AFAF /* ProfileView25.swift */; };
		ACC8C8CA2BFD79B000E1AFAF /* ProfileView25.swift in Sources */ = {isa = PBXBuildFile; fileRef = ACC8C8C72BFD79B000E1AFAF /* ProfileView25.swift */; };
		ACC8C8CD2BFDAD7600E1AFAF /* ContentView28.swift in Sources */ = {isa = PBXBuildFile; fileRef = ACC8C8CC2BFDAD7600E1AFAF /* ContentView28.swift */; };
		ACC8C8CE2BFDAD7600E1AFAF /* ContentView28.swift in Sources */ = {isa = PBXBuildFile; fileRef = ACC8C8CC2BFDAD7600E1AFAF /* ContentView28.swift */; };
		ACC8C8CF2BFDAD7600E1AFAF /* ContentView28.swift in Sources */ = {isa = PBXBuildFile; fileRef = ACC8C8CC2BFDAD7600E1AFAF /* ContentView28.swift */; };
		ACF69C942BECA20B00A8C2D4 /* ContentView23.swift in Sources */ = {isa = PBXBuildFile; fileRef = ACF69C932BECA20B00A8C2D4 /* ContentView23.swift */; };
/* End PBXBuildFile section */

/* Begin PBXContainerItemProxy section */
		AC8B74D02BBFCAEB003504C3 /* PBXContainerItemProxy */ = {
			isa = PBXContainerItemProxy;
			containerPortal = AC8B74B72BBFCAE9003504C3 /* Project object */;
			proxyType = 1;
			remoteGlobalIDString = AC8B74BE2BBFCAE9003504C3;
			remoteInfo = "SwiftUI-Practice";
		};
		AC8B74DA2BBFCAEB003504C3 /* PBXContainerItemProxy */ = {
			isa = PBXContainerItemProxy;
			containerPortal = AC8B74B72BBFCAE9003504C3 /* Project object */;
			proxyType = 1;
			remoteGlobalIDString = AC8B74BE2BBFCAE9003504C3;
			remoteInfo = "SwiftUI-Practice";
		};
/* End PBXContainerItemProxy section */

/* Begin PBXFileReference section */
		A2F98FB22BEA5BD000F7B2A7 /* ContentView20.swift */ = {isa = PBXFileReference; lastKnownFileType = sourcecode.swift; path = ContentView20.swift; sourceTree = "<group>"; };
		AC11F4C62BCD0454007EECBB /* TabView13.swift */ = {isa = PBXFileReference; lastKnownFileType = sourcecode.swift; path = TabView13.swift; sourceTree = "<group>"; };
		AC11F4CA2BCD07CB007EECBB /* ContentView13.swift */ = {isa = PBXFileReference; lastKnownFileType = sourcecode.swift; path = ContentView13.swift; sourceTree = "<group>"; };
		AC11F4D72BCD1CA1007EECBB /* TabView14.swift */ = {isa = PBXFileReference; lastKnownFileType = sourcecode.swift; path = TabView14.swift; sourceTree = "<group>"; };
		AC2038092BC4D76B003132AF /* ContentView8.swift */ = {isa = PBXFileReference; lastKnownFileType = sourcecode.swift; path = ContentView8.swift; sourceTree = "<group>"; };
		AC20380D2BC4DB6D003132AF /* ProjectCardView8.swift */ = {isa = PBXFileReference; lastKnownFileType = sourcecode.swift; path = ProjectCardView8.swift; sourceTree = "<group>"; };
		AC2038112BC4DC04003132AF /* ProjectBasicView8.swift */ = {isa = PBXFileReference; lastKnownFileType = sourcecode.swift; path = ProjectBasicView8.swift; sourceTree = "<group>"; };
		AC20F3A12BFB1BE700ACF354 /* Reducer.swift */ = {isa = PBXFileReference; lastKnownFileType = sourcecode.swift; path = Reducer.swift; sourceTree = "<group>"; };
		AC20F3A52BFB1F5A00ACF354 /* AppStore.swift */ = {isa = PBXFileReference; lastKnownFileType = sourcecode.swift; path = AppStore.swift; sourceTree = "<group>"; };
		AC20F3A92BFB235500ACF354 /* DiceView24.swift */ = {isa = PBXFileReference; lastKnownFileType = sourcecode.swift; path = DiceView24.swift; sourceTree = "<group>"; };
		AC20F3AE2BFB2E8F00ACF354 /* ContentView25.swift */ = {isa = PBXFileReference; lastKnownFileType = sourcecode.swift; path = ContentView25.swift; sourceTree = "<group>"; };
		AC20F3B22BFB2EE600ACF354 /* ContentViewModel25.swift */ = {isa = PBXFileReference; lastKnownFileType = sourcecode.swift; path = ContentViewModel25.swift; sourceTree = "<group>"; };
		AC2556C92BE49CA2002BB8FA /* ContentView16.swift */ = {isa = PBXFileReference; lastKnownFileType = sourcecode.swift; path = ContentView16.swift; sourceTree = "<group>"; };
		AC2556D92BE4B860002BB8FA /* QRCodeScannerView.swift */ = {isa = PBXFileReference; lastKnownFileType = sourcecode.swift; path = QRCodeScannerView.swift; sourceTree = "<group>"; };
		AC2556E02BE4D085002BB8FA /* Info.plist */ = {isa = PBXFileReference; lastKnownFileType = text.plist; path = Info.plist; sourceTree = "<group>"; };
		AC2556E12BE4D0E6002BB8FA /* Info.plist */ = {isa = PBXFileReference; lastKnownFileType = text.plist; path = Info.plist; sourceTree = "<group>"; };
		AC2556EA2BE9CC14002BB8FA /* LottoGenie.swift */ = {isa = PBXFileReference; lastKnownFileType = sourcecode.swift; path = LottoGenie.swift; sourceTree = "<group>"; };
		AC2556EF2BE9F2B8002BB8FA /* ContentView17.swift */ = {isa = PBXFileReference; lastKnownFileType = sourcecode.swift; path = ContentView17.swift; sourceTree = "<group>"; };
		AC2556F32BE9F3F6002BB8FA /* TapButtonStyle.swift */ = {isa = PBXFileReference; lastKnownFileType = sourcecode.swift; path = TapButtonStyle.swift; sourceTree = "<group>"; };
		AC2556F72BE9F8B4002BB8FA /* ReductionButtonStyle.swift */ = {isa = PBXFileReference; lastKnownFileType = sourcecode.swift; path = ReductionButtonStyle.swift; sourceTree = "<group>"; };
		AC2556FB2BEA01F5002BB8FA /* RotationButtonStyle.swift */ = {isa = PBXFileReference; lastKnownFileType = sourcecode.swift; path = RotationButtonStyle.swift; sourceTree = "<group>"; };
		AC2556FF2BEA0556002BB8FA /* BlurButtonStyle.swift */ = {isa = PBXFileReference; lastKnownFileType = sourcecode.swift; path = BlurButtonStyle.swift; sourceTree = "<group>"; };
		AC25570E2BEA11E1002BB8FA /* ContentView18.swift */ = {isa = PBXFileReference; lastKnownFileType = sourcecode.swift; path = ContentView18.swift; sourceTree = "<group>"; };
		AC2557122BEA134D002BB8FA /* RoundTextFieldStyle.swift */ = {isa = PBXFileReference; lastKnownFileType = sourcecode.swift; path = RoundTextFieldStyle.swift; sourceTree = "<group>"; };
		AC25571C2BEB0019002BB8FA /* ContentView20_2.swift */ = {isa = PBXFileReference; lastKnownFileType = sourcecode.swift; path = ContentView20_2.swift; sourceTree = "<group>"; };
		AC2557212BEB4617002BB8FA /* ContentView21.swift */ = {isa = PBXFileReference; lastKnownFileType = sourcecode.swift; path = ContentView21.swift; sourceTree = "<group>"; };
		AC2557252BEB4C14002BB8FA /* ProfileView21.swift */ = {isa = PBXFileReference; lastKnownFileType = sourcecode.swift; path = ProfileView21.swift; sourceTree = "<group>"; };
		AC2557292BEB5130002BB8FA /* ListView21.swift */ = {isa = PBXFileReference; lastKnownFileType = sourcecode.swift; path = ListView21.swift; sourceTree = "<group>"; };
		AC5F53592BEC5539002614FB /* ContentView22.swift */ = {isa = PBXFileReference; lastKnownFileType = sourcecode.swift; path = ContentView22.swift; sourceTree = "<group>"; };
		AC69D5F42BF34692004F25C8 /* ContentView24.swift */ = {isa = PBXFileReference; lastKnownFileType = sourcecode.swift; path = ContentView24.swift; sourceTree = "<group>"; };
		AC69D5F82BF3523E004F25C8 /* AppState.swift */ = {isa = PBXFileReference; lastKnownFileType = sourcecode.swift; path = AppState.swift; sourceTree = "<group>"; };
		AC69D5FC2BF35286004F25C8 /* AppAction.swift */ = {isa = PBXFileReference; lastKnownFileType = sourcecode.swift; path = AppAction.swift; sourceTree = "<group>"; };
		AC85D5A72BC76ABC00F4AE36 /* ListView10.swift */ = {isa = PBXFileReference; lastKnownFileType = sourcecode.swift; path = ListView10.swift; sourceTree = "<group>"; };
		AC85D5AB2BC7767000F4AE36 /* NavigationView11.swift */ = {isa = PBXFileReference; lastKnownFileType = sourcecode.swift; path = NavigationView11.swift; sourceTree = "<group>"; };
		AC85D5B02BC7C1D800F4AE36 /* ContentView12.swift */ = {isa = PBXFileReference; lastKnownFileType = sourcecode.swift; path = ContentView12.swift; sourceTree = "<group>"; };
		AC85D5B42BC7C9D000F4AE36 /* ContentView12_2.swift */ = {isa = PBXFileReference; lastKnownFileType = sourcecode.swift; path = ContentView12_2.swift; sourceTree = "<group>"; };
		AC8B74BF2BBFCAE9003504C3 /* SwiftUI-Practice.app */ = {isa = PBXFileReference; explicitFileType = wrapper.application; includeInIndex = 0; path = "SwiftUI-Practice.app"; sourceTree = BUILT_PRODUCTS_DIR; };
		AC8B74C22BBFCAE9003504C3 /* SwiftUI_PracticeApp.swift */ = {isa = PBXFileReference; lastKnownFileType = sourcecode.swift; path = SwiftUI_PracticeApp.swift; sourceTree = "<group>"; };
		AC8B74C42BBFCAE9003504C3 /* IndexContentView.swift */ = {isa = PBXFileReference; lastKnownFileType = sourcecode.swift; path = IndexContentView.swift; sourceTree = "<group>"; };
		AC8B74C62BBFCAEB003504C3 /* Assets.xcassets */ = {isa = PBXFileReference; lastKnownFileType = folder.assetcatalog; path = Assets.xcassets; sourceTree = "<group>"; };
		AC8B74C92BBFCAEB003504C3 /* Preview Assets.xcassets */ = {isa = PBXFileReference; lastKnownFileType = folder.assetcatalog; path = "Preview Assets.xcassets"; sourceTree = "<group>"; };
		AC8B74CF2BBFCAEB003504C3 /* SwiftUI-PracticeTests.xctest */ = {isa = PBXFileReference; explicitFileType = wrapper.cfbundle; includeInIndex = 0; path = "SwiftUI-PracticeTests.xctest"; sourceTree = BUILT_PRODUCTS_DIR; };
		AC8B74D32BBFCAEB003504C3 /* SwiftUI_PracticeTests.swift */ = {isa = PBXFileReference; lastKnownFileType = sourcecode.swift; path = SwiftUI_PracticeTests.swift; sourceTree = "<group>"; };
		AC8B74D92BBFCAEB003504C3 /* SwiftUI-PracticeUITests.xctest */ = {isa = PBXFileReference; explicitFileType = wrapper.cfbundle; includeInIndex = 0; path = "SwiftUI-PracticeUITests.xctest"; sourceTree = BUILT_PRODUCTS_DIR; };
		AC8B74DD2BBFCAEB003504C3 /* SwiftUI_PracticeUITests.swift */ = {isa = PBXFileReference; lastKnownFileType = sourcecode.swift; path = SwiftUI_PracticeUITests.swift; sourceTree = "<group>"; };
		AC8B74DF2BBFCAEB003504C3 /* SwiftUI_PracticeUITestsLaunchTests.swift */ = {isa = PBXFileReference; lastKnownFileType = sourcecode.swift; path = SwiftUI_PracticeUITestsLaunchTests.swift; sourceTree = "<group>"; };
		AC8B74ED2BBFD71E003504C3 /* ContentView1.swift */ = {isa = PBXFileReference; lastKnownFileType = sourcecode.swift; path = ContentView1.swift; sourceTree = "<group>"; };
		AC8B74FA2BBFD8D9003504C3 /* ContentView4.swift */ = {isa = PBXFileReference; lastKnownFileType = sourcecode.swift; path = ContentView4.swift; sourceTree = "<group>"; };
		AC8B74FE2BBFD90B003504C3 /* MyWebview4.swift */ = {isa = PBXFileReference; lastKnownFileType = sourcecode.swift; path = MyWebview4.swift; sourceTree = "<group>"; };
		AC8B75032BBFDCAF003504C3 /* ContentView5.swift */ = {isa = PBXFileReference; lastKnownFileType = sourcecode.swift; path = ContentView5.swift; sourceTree = "<group>"; };
		AC8B75082BBFDCDD003504C3 /* ContentView6.swift */ = {isa = PBXFileReference; lastKnownFileType = sourcecode.swift; path = ContentView6.swift; sourceTree = "<group>"; };
		AC8B750C2BBFDCEF003504C3 /* CircleImageView6.swift */ = {isa = PBXFileReference; lastKnownFileType = sourcecode.swift; path = CircleImageView6.swift; sourceTree = "<group>"; };
		AC8B75162BBFE1A1003504C3 /* VStackView7.swift */ = {isa = PBXFileReference; lastKnownFileType = sourcecode.swift; path = VStackView7.swift; sourceTree = "<group>"; };
		AC8B751A2BBFE6EE003504C3 /* HStackView7.swift */ = {isa = PBXFileReference; lastKnownFileType = sourcecode.swift; path = HStackView7.swift; sourceTree = "<group>"; };
		AC8B751E2BBFE8A7003504C3 /* ZStackView7.swift */ = {isa = PBXFileReference; lastKnownFileType = sourcecode.swift; path = ZStackView7.swift; sourceTree = "<group>"; };
		ACC8C8B22BFC883600E1AFAF /* User.swift */ = {isa = PBXFileReference; lastKnownFileType = sourcecode.swift; path = User.swift; sourceTree = "<group>"; };
		ACC8C8B72BFC885C00E1AFAF /* API.swift */ = {isa = PBXFileReference; lastKnownFileType = sourcecode.swift; path = API.swift; sourceTree = "<group>"; };
		ACC8C8BB2BFC88CE00E1AFAF /* APIService.swift */ = {isa = PBXFileReference; lastKnownFileType = sourcecode.swift; path = APIService.swift; sourceTree = "<group>"; };
		ACC8C8C72BFD79B000E1AFAF /* ProfileView25.swift */ = {isa = PBXFileReference; lastKnownFileType = sourcecode.swift; path = ProfileView25.swift; sourceTree = "<group>"; };
		ACC8C8CC2BFDAD7600E1AFAF /* ContentView28.swift */ = {isa = PBXFileReference; lastKnownFileType = sourcecode.swift; path = ContentView28.swift; sourceTree = "<group>"; };
		ACF69C932BECA20B00A8C2D4 /* ContentView23.swift */ = {isa = PBXFileReference; lastKnownFileType = sourcecode.swift; path = ContentView23.swift; sourceTree = "<group>"; };
/* End PBXFileReference section */

/* Begin PBXFrameworksBuildPhase section */
		AC8B74BC2BBFCAE9003504C3 /* Frameworks */ = {
			isa = PBXFrameworksBuildPhase;
			buildActionMask = 2147483647;
			files = (
				AC2556D42BE4B3A1002BB8FA /* CodeScanner in Frameworks */,
				ACC8C8C12BFC8A0B00E1AFAF /* Alamofire in Frameworks */,
			);
			runOnlyForDeploymentPostprocessing = 0;
		};
		AC8B74CC2BBFCAEB003504C3 /* Frameworks */ = {
			isa = PBXFrameworksBuildPhase;
			buildActionMask = 2147483647;
			files = (
				AC2556DC2BE4CC9C002BB8FA /* CodeScanner in Frameworks */,
				ACC8C8C42BFC93ED00E1AFAF /* Alamofire in Frameworks */,
			);
			runOnlyForDeploymentPostprocessing = 0;
		};
		AC8B74D62BBFCAEB003504C3 /* Frameworks */ = {
			isa = PBXFrameworksBuildPhase;
			buildActionMask = 2147483647;
			files = (
				AC2556DF2BE4CCAB002BB8FA /* CodeScanner in Frameworks */,
				ACC8C8C62BFC93F100E1AFAF /* Alamofire in Frameworks */,
			);
			runOnlyForDeploymentPostprocessing = 0;
		};
/* End PBXFrameworksBuildPhase section */

/* Begin PBXGroup section */
		A2F98FB12BEA5BC300F7B2A7 /* #20 */ = {
			isa = PBXGroup;
			children = (
				A2F98FB22BEA5BD000F7B2A7 /* ContentView20.swift */,
				AC25571C2BEB0019002BB8FA /* ContentView20_2.swift */,
			);
			path = "#20";
			sourceTree = "<group>";
		};
		AC11F4C52BCD0440007EECBB /* #13 */ = {
			isa = PBXGroup;
			children = (
				AC11F4C62BCD0454007EECBB /* TabView13.swift */,
				AC11F4CA2BCD07CB007EECBB /* ContentView13.swift */,
			);
			path = "#13";
			sourceTree = "<group>";
		};
		AC11F4D62BCD1BAB007EECBB /* #14 */ = {
			isa = PBXGroup;
			children = (
				AC11F4D72BCD1CA1007EECBB /* TabView14.swift */,
			);
			path = "#14";
			sourceTree = "<group>";
		};
		AC2038062BC4D5C2003132AF /* #8~11 */ = {
			isa = PBXGroup;
			children = (
				AC2038092BC4D76B003132AF /* ContentView8.swift */,
				AC20380D2BC4DB6D003132AF /* ProjectCardView8.swift */,
				AC2038112BC4DC04003132AF /* ProjectBasicView8.swift */,
				AC85D5A72BC76ABC00F4AE36 /* ListView10.swift */,
				AC85D5AB2BC7767000F4AE36 /* NavigationView11.swift */,
			);
			path = "#8~11";
			sourceTree = "<group>";
		};
		AC20F3AD2BFB2E8400ACF354 /* #25~27 */ = {
			isa = PBXGroup;
			children = (
				ACC8C8B62BFC884E00E1AFAF /* API */,
				ACC8C8B12BFC881500E1AFAF /* Model */,
				ACC8C8AF2BFC880900E1AFAF /* View */,
				ACC8C8B02BFC880E00E1AFAF /* ViewModel */,
			);
			path = "#25~27";
			sourceTree = "<group>";
		};
		AC2556C82BE49C8B002BB8FA /* #16 */ = {
			isa = PBXGroup;
			children = (
				AC2556C92BE49CA2002BB8FA /* ContentView16.swift */,
				AC2556D92BE4B860002BB8FA /* QRCodeScannerView.swift */,
				AC2556EA2BE9CC14002BB8FA /* LottoGenie.swift */,
			);
			path = "#16";
			sourceTree = "<group>";
		};
		AC2556EE2BE9F2A6002BB8FA /* #17 */ = {
			isa = PBXGroup;
			children = (
				AC2556EF2BE9F2B8002BB8FA /* ContentView17.swift */,
				AC2556F32BE9F3F6002BB8FA /* TapButtonStyle.swift */,
				AC2556F72BE9F8B4002BB8FA /* ReductionButtonStyle.swift */,
				AC2556FB2BEA01F5002BB8FA /* RotationButtonStyle.swift */,
				AC2556FF2BEA0556002BB8FA /* BlurButtonStyle.swift */,
			);
			path = "#17";
			sourceTree = "<group>";
		};
		AC25570D2BEA11D4002BB8FA /* #18 */ = {
			isa = PBXGroup;
			children = (
				AC25570E2BEA11E1002BB8FA /* ContentView18.swift */,
				AC2557122BEA134D002BB8FA /* RoundTextFieldStyle.swift */,
			);
			path = "#18";
			sourceTree = "<group>";
		};
		AC2557202BEB460A002BB8FA /* #21 */ = {
			isa = PBXGroup;
			children = (
				AC2557212BEB4617002BB8FA /* ContentView21.swift */,
				AC2557252BEB4C14002BB8FA /* ProfileView21.swift */,
				AC2557292BEB5130002BB8FA /* ListView21.swift */,
			);
			name = "#21";
			sourceTree = "<group>";
		};
		AC5F53582BEC552C002614FB /* #22 */ = {
			isa = PBXGroup;
			children = (
				AC5F53592BEC5539002614FB /* ContentView22.swift */,
			);
			path = "#22";
			sourceTree = "<group>";
		};
		AC69D5F32BF34685004F25C8 /* #24 */ = {
			isa = PBXGroup;
			children = (
				AC69D5F42BF34692004F25C8 /* ContentView24.swift */,
				AC69D5F82BF3523E004F25C8 /* AppState.swift */,
				AC69D5FC2BF35286004F25C8 /* AppAction.swift */,
				AC20F3A12BFB1BE700ACF354 /* Reducer.swift */,
				AC20F3A52BFB1F5A00ACF354 /* AppStore.swift */,
				AC20F3A92BFB235500ACF354 /* DiceView24.swift */,
			);
			path = "#24";
			sourceTree = "<group>";
		};
		AC85D5AF2BC7C1CB00F4AE36 /* #12 */ = {
			isa = PBXGroup;
			children = (
				AC85D5B02BC7C1D800F4AE36 /* ContentView12.swift */,
				AC85D5B42BC7C9D000F4AE36 /* ContentView12_2.swift */,
			);
			path = "#12";
			sourceTree = "<group>";
		};
		AC8B74B62BBFCAE9003504C3 = {
			isa = PBXGroup;
			children = (
				AC8B74C12BBFCAE9003504C3 /* SwiftUI-Practice */,
				AC8B74D22BBFCAEB003504C3 /* SwiftUI-PracticeTests */,
				AC8B74DC2BBFCAEB003504C3 /* SwiftUI-PracticeUITests */,
				AC8B74C02BBFCAE9003504C3 /* Products */,
				ACC8C8C22BFC93ED00E1AFAF /* Frameworks */,
			);
			sourceTree = "<group>";
		};
		AC8B74C02BBFCAE9003504C3 /* Products */ = {
			isa = PBXGroup;
			children = (
				AC8B74BF2BBFCAE9003504C3 /* SwiftUI-Practice.app */,
				AC8B74CF2BBFCAEB003504C3 /* SwiftUI-PracticeTests.xctest */,
				AC8B74D92BBFCAEB003504C3 /* SwiftUI-PracticeUITests.xctest */,
			);
			name = Products;
			sourceTree = "<group>";
		};
		AC8B74C12BBFCAE9003504C3 /* SwiftUI-Practice */ = {
			isa = PBXGroup;
			children = (
				AC2556E12BE4D0E6002BB8FA /* Info.plist */,
				AC8B74C22BBFCAE9003504C3 /* SwiftUI_PracticeApp.swift */,
				AC8B74C42BBFCAE9003504C3 /* IndexContentView.swift */,
				AC8B74C62BBFCAEB003504C3 /* Assets.xcassets */,
				AC8B74EC2BBFD709003504C3 /* #1~3 */,
				AC8B74F12BBFD847003504C3 /* #4 */,
				AC8B75022BBFDCA3003504C3 /* #5 */,
				AC8B75072BBFDCD1003504C3 /* #6 */,
				AC8B75152BBFE196003504C3 /* #7 */,
				AC2038062BC4D5C2003132AF /* #8~11 */,
				AC85D5AF2BC7C1CB00F4AE36 /* #12 */,
				AC11F4C52BCD0440007EECBB /* #13 */,
				AC11F4D62BCD1BAB007EECBB /* #14 */,
				AC2556C82BE49C8B002BB8FA /* #16 */,
				AC2556EE2BE9F2A6002BB8FA /* #17 */,
				AC25570D2BEA11D4002BB8FA /* #18 */,
				A2F98FB12BEA5BC300F7B2A7 /* #20 */,
				AC2557202BEB460A002BB8FA /* #21 */,
				AC5F53582BEC552C002614FB /* #22 */,
				ACF69C922BECA20200A8C2D4 /* #23 */,
				AC69D5F32BF34685004F25C8 /* #24 */,
				AC20F3AD2BFB2E8400ACF354 /* #25~27 */,
				ACC8C8CB2BFDAD6700E1AFAF /* #28 */,
				AC8B74C82BBFCAEB003504C3 /* Preview Content */,
			);
			path = "SwiftUI-Practice";
			sourceTree = "<group>";
		};
		AC8B74C82BBFCAEB003504C3 /* Preview Content */ = {
			isa = PBXGroup;
			children = (
				AC8B74C92BBFCAEB003504C3 /* Preview Assets.xcassets */,
			);
			path = "Preview Content";
			sourceTree = "<group>";
		};
		AC8B74D22BBFCAEB003504C3 /* SwiftUI-PracticeTests */ = {
			isa = PBXGroup;
			children = (
				AC8B74D32BBFCAEB003504C3 /* SwiftUI_PracticeTests.swift */,
			);
			path = "SwiftUI-PracticeTests";
			sourceTree = "<group>";
		};
		AC8B74DC2BBFCAEB003504C3 /* SwiftUI-PracticeUITests */ = {
			isa = PBXGroup;
			children = (
				AC2556E02BE4D085002BB8FA /* Info.plist */,
				AC8B74DD2BBFCAEB003504C3 /* SwiftUI_PracticeUITests.swift */,
				AC8B74DF2BBFCAEB003504C3 /* SwiftUI_PracticeUITestsLaunchTests.swift */,
			);
			path = "SwiftUI-PracticeUITests";
			sourceTree = "<group>";
		};
		AC8B74EC2BBFD709003504C3 /* #1~3 */ = {
			isa = PBXGroup;
			children = (
				AC8B74ED2BBFD71E003504C3 /* ContentView1.swift */,
			);
			path = "#1~3";
			sourceTree = "<group>";
		};
		AC8B74F12BBFD847003504C3 /* #4 */ = {
			isa = PBXGroup;
			children = (
				AC8B74FA2BBFD8D9003504C3 /* ContentView4.swift */,
				AC8B74FE2BBFD90B003504C3 /* MyWebview4.swift */,
			);
			path = "#4";
			sourceTree = "<group>";
		};
		AC8B75022BBFDCA3003504C3 /* #5 */ = {
			isa = PBXGroup;
			children = (
				AC8B75032BBFDCAF003504C3 /* ContentView5.swift */,
			);
			path = "#5";
			sourceTree = "<group>";
		};
		AC8B75072BBFDCD1003504C3 /* #6 */ = {
			isa = PBXGroup;
			children = (
				AC8B75082BBFDCDD003504C3 /* ContentView6.swift */,
				AC8B750C2BBFDCEF003504C3 /* CircleImageView6.swift */,
			);
			path = "#6";
			sourceTree = "<group>";
		};
		AC8B75152BBFE196003504C3 /* #7 */ = {
			isa = PBXGroup;
			children = (
				AC8B75162BBFE1A1003504C3 /* VStackView7.swift */,
				AC8B751A2BBFE6EE003504C3 /* HStackView7.swift */,
				AC8B751E2BBFE8A7003504C3 /* ZStackView7.swift */,
			);
			path = "#7";
			sourceTree = "<group>";
		};
		ACC8C8AF2BFC880900E1AFAF /* View */ = {
			isa = PBXGroup;
			children = (
				AC20F3AE2BFB2E8F00ACF354 /* ContentView25.swift */,
				ACC8C8C72BFD79B000E1AFAF /* ProfileView25.swift */,
			);
			path = View;
			sourceTree = "<group>";
		};
		ACC8C8B02BFC880E00E1AFAF /* ViewModel */ = {
			isa = PBXGroup;
			children = (
				AC20F3B22BFB2EE600ACF354 /* ContentViewModel25.swift */,
			);
			path = ViewModel;
			sourceTree = "<group>";
		};
		ACC8C8B12BFC881500E1AFAF /* Model */ = {
			isa = PBXGroup;
			children = (
				ACC8C8B22BFC883600E1AFAF /* User.swift */,
			);
			path = Model;
			sourceTree = "<group>";
		};
		ACC8C8B62BFC884E00E1AFAF /* API */ = {
			isa = PBXGroup;
			children = (
				ACC8C8B72BFC885C00E1AFAF /* API.swift */,
				ACC8C8BB2BFC88CE00E1AFAF /* APIService.swift */,
			);
			path = API;
			sourceTree = "<group>";
		};
		ACC8C8C22BFC93ED00E1AFAF /* Frameworks */ = {
			isa = PBXGroup;
			children = (
			);
			name = Frameworks;
			sourceTree = "<group>";
		};
		ACC8C8CB2BFDAD6700E1AFAF /* #28 */ = {
			isa = PBXGroup;
			children = (
				ACC8C8CC2BFDAD7600E1AFAF /* ContentView28.swift */,
			);
			path = "#28";
			sourceTree = "<group>";
		};
		ACF69C922BECA20200A8C2D4 /* #23 */ = {
			isa = PBXGroup;
			children = (
				ACF69C932BECA20B00A8C2D4 /* ContentView23.swift */,
			);
			path = "#23";
			sourceTree = "<group>";
		};
/* End PBXGroup section */

/* Begin PBXNativeTarget section */
		AC8B74BE2BBFCAE9003504C3 /* SwiftUI-Practice */ = {
			isa = PBXNativeTarget;
			buildConfigurationList = AC8B74E32BBFCAEB003504C3 /* Build configuration list for PBXNativeTarget "SwiftUI-Practice" */;
			buildPhases = (
				AC8B74BB2BBFCAE9003504C3 /* Sources */,
				AC8B74BC2BBFCAE9003504C3 /* Frameworks */,
				AC8B74BD2BBFCAE9003504C3 /* Resources */,
			);
			buildRules = (
			);
			dependencies = (
			);
			name = "SwiftUI-Practice";
			packageProductDependencies = (
				AC2556D32BE4B3A1002BB8FA /* CodeScanner */,
				ACC8C8C02BFC8A0B00E1AFAF /* Alamofire */,
			);
			productName = "SwiftUI-Practice";
			productReference = AC8B74BF2BBFCAE9003504C3 /* SwiftUI-Practice.app */;
			productType = "com.apple.product-type.application";
		};
		AC8B74CE2BBFCAEB003504C3 /* SwiftUI-PracticeTests */ = {
			isa = PBXNativeTarget;
			buildConfigurationList = AC8B74E62BBFCAEB003504C3 /* Build configuration list for PBXNativeTarget "SwiftUI-PracticeTests" */;
			buildPhases = (
				AC8B74CB2BBFCAEB003504C3 /* Sources */,
				AC8B74CC2BBFCAEB003504C3 /* Frameworks */,
				AC8B74CD2BBFCAEB003504C3 /* Resources */,
			);
			buildRules = (
			);
			dependencies = (
				AC8B74D12BBFCAEB003504C3 /* PBXTargetDependency */,
			);
			name = "SwiftUI-PracticeTests";
			packageProductDependencies = (
				AC2556DB2BE4CC9C002BB8FA /* CodeScanner */,
				ACC8C8C32BFC93ED00E1AFAF /* Alamofire */,
			);
			productName = "SwiftUI-PracticeTests";
			productReference = AC8B74CF2BBFCAEB003504C3 /* SwiftUI-PracticeTests.xctest */;
			productType = "com.apple.product-type.bundle.unit-test";
		};
		AC8B74D82BBFCAEB003504C3 /* SwiftUI-PracticeUITests */ = {
			isa = PBXNativeTarget;
			buildConfigurationList = AC8B74E92BBFCAEB003504C3 /* Build configuration list for PBXNativeTarget "SwiftUI-PracticeUITests" */;
			buildPhases = (
				AC8B74D52BBFCAEB003504C3 /* Sources */,
				AC8B74D62BBFCAEB003504C3 /* Frameworks */,
				AC8B74D72BBFCAEB003504C3 /* Resources */,
			);
			buildRules = (
			);
			dependencies = (
				AC8B74DB2BBFCAEB003504C3 /* PBXTargetDependency */,
			);
			name = "SwiftUI-PracticeUITests";
			packageProductDependencies = (
				AC2556DE2BE4CCAB002BB8FA /* CodeScanner */,
				ACC8C8C52BFC93F100E1AFAF /* Alamofire */,
			);
			productName = "SwiftUI-PracticeUITests";
			productReference = AC8B74D92BBFCAEB003504C3 /* SwiftUI-PracticeUITests.xctest */;
			productType = "com.apple.product-type.bundle.ui-testing";
		};
/* End PBXNativeTarget section */

/* Begin PBXProject section */
		AC8B74B72BBFCAE9003504C3 /* Project object */ = {
			isa = PBXProject;
			attributes = {
				BuildIndependentTargetsInParallel = 1;
				LastSwiftUpdateCheck = 1530;
				LastUpgradeCheck = 1530;
				TargetAttributes = {
					AC8B74BE2BBFCAE9003504C3 = {
						CreatedOnToolsVersion = 15.3;
					};
					AC8B74CE2BBFCAEB003504C3 = {
						CreatedOnToolsVersion = 15.3;
						TestTargetID = AC8B74BE2BBFCAE9003504C3;
					};
					AC8B74D82BBFCAEB003504C3 = {
						CreatedOnToolsVersion = 15.3;
						TestTargetID = AC8B74BE2BBFCAE9003504C3;
					};
				};
			};
			buildConfigurationList = AC8B74BA2BBFCAE9003504C3 /* Build configuration list for PBXProject "SwiftUI-Practice" */;
			compatibilityVersion = "Xcode 14.0";
			developmentRegion = en;
			hasScannedForEncodings = 0;
			knownRegions = (
				en,
				Base,
			);
			mainGroup = AC8B74B62BBFCAE9003504C3;
			packageReferences = (
				AC2556D22BE4B3A1002BB8FA /* XCRemoteSwiftPackageReference "CodeScanner" */,
				ACC8C8BF2BFC8A0B00E1AFAF /* XCRemoteSwiftPackageReference "Alamofire" */,
			);
			productRefGroup = AC8B74C02BBFCAE9003504C3 /* Products */;
			projectDirPath = "";
			projectRoot = "";
			targets = (
				AC8B74BE2BBFCAE9003504C3 /* SwiftUI-Practice */,
				AC8B74CE2BBFCAEB003504C3 /* SwiftUI-PracticeTests */,
				AC8B74D82BBFCAEB003504C3 /* SwiftUI-PracticeUITests */,
			);
		};
/* End PBXProject section */

/* Begin PBXResourcesBuildPhase section */
		AC8B74BD2BBFCAE9003504C3 /* Resources */ = {
			isa = PBXResourcesBuildPhase;
			buildActionMask = 2147483647;
			files = (
				AC8B74CA2BBFCAEB003504C3 /* Preview Assets.xcassets in Resources */,
				AC8B74C72BBFCAEB003504C3 /* Assets.xcassets in Resources */,
			);
			runOnlyForDeploymentPostprocessing = 0;
		};
		AC8B74CD2BBFCAEB003504C3 /* Resources */ = {
			isa = PBXResourcesBuildPhase;
			buildActionMask = 2147483647;
			files = (
			);
			runOnlyForDeploymentPostprocessing = 0;
		};
		AC8B74D72BBFCAEB003504C3 /* Resources */ = {
			isa = PBXResourcesBuildPhase;
			buildActionMask = 2147483647;
			files = (
			);
			runOnlyForDeploymentPostprocessing = 0;
		};
/* End PBXResourcesBuildPhase section */

/* Begin PBXSourcesBuildPhase section */
		AC8B74BB2BBFCAE9003504C3 /* Sources */ = {
			isa = PBXSourcesBuildPhase;
			buildActionMask = 2147483647;
			files = (
				AC2556F02BE9F2B8002BB8FA /* ContentView17.swift in Sources */,
				AC2557222BEB4617002BB8FA /* ContentView21.swift in Sources */,
				ACC8C8B32BFC883600E1AFAF /* User.swift in Sources */,
				AC20380E2BC4DB6D003132AF /* ProjectCardView8.swift in Sources */,
				AC8B75042BBFDCAF003504C3 /* ContentView5.swift in Sources */,
				AC8B74C52BBFCAE9003504C3 /* IndexContentView.swift in Sources */,
				AC8B751B2BBFE6EE003504C3 /* HStackView7.swift in Sources */,
				AC20380A2BC4D76B003132AF /* ContentView8.swift in Sources */,
				A2F98FB32BEA5BD000F7B2A7 /* ContentView20.swift in Sources */,
				AC8B74EE2BBFD71E003504C3 /* ContentView1.swift in Sources */,
				AC8B75092BBFDCDD003504C3 /* ContentView6.swift in Sources */,
				AC2557002BEA0556002BB8FA /* BlurButtonStyle.swift in Sources */,
				AC69D5F92BF3523E004F25C8 /* AppState.swift in Sources */,
				AC8B74C32BBFCAE9003504C3 /* SwiftUI_PracticeApp.swift in Sources */,
				AC2556FC2BEA01F5002BB8FA /* RotationButtonStyle.swift in Sources */,
				AC25572A2BEB5130002BB8FA /* ListView21.swift in Sources */,
				AC85D5A82BC76ABC00F4AE36 /* ListView10.swift in Sources */,
				AC8B751F2BBFE8A7003504C3 /* ZStackView7.swift in Sources */,
				AC8B74FF2BBFD90B003504C3 /* MyWebview4.swift in Sources */,
				AC2038122BC4DC04003132AF /* ProjectBasicView8.swift in Sources */,
				AC2556F42BE9F3F6002BB8FA /* TapButtonStyle.swift in Sources */,
				ACC8C8C82BFD79B000E1AFAF /* ProfileView25.swift in Sources */,
				AC85D5B52BC7C9D000F4AE36 /* ContentView12_2.swift in Sources */,
				ACC8C8BC2BFC88CE00E1AFAF /* APIService.swift in Sources */,
				AC2557262BEB4C14002BB8FA /* ProfileView21.swift in Sources */,
				AC2556F82BE9F8B4002BB8FA /* ReductionButtonStyle.swift in Sources */,
				AC2556EB2BE9CC14002BB8FA /* LottoGenie.swift in Sources */,
				ACF69C942BECA20B00A8C2D4 /* ContentView23.swift in Sources */,
				AC8B75172BBFE1A1003504C3 /* VStackView7.swift in Sources */,
				AC11F4D82BCD1CA1007EECBB /* TabView14.swift in Sources */,
				AC11F4CB2BCD07CB007EECBB /* ContentView13.swift in Sources */,
				AC69D5FD2BF35286004F25C8 /* AppAction.swift in Sources */,
				AC20F3B32BFB2EE600ACF354 /* ContentViewModel25.swift in Sources */,
				AC20F3AA2BFB235500ACF354 /* DiceView24.swift in Sources */,
				AC2556CA2BE49CA2002BB8FA /* ContentView16.swift in Sources */,
				AC20F3AF2BFB2E8F00ACF354 /* ContentView25.swift in Sources */,
				AC8B74FB2BBFD8D9003504C3 /* ContentView4.swift in Sources */,
				AC2557132BEA134D002BB8FA /* RoundTextFieldStyle.swift in Sources */,
				AC20F3A22BFB1BE700ACF354 /* Reducer.swift in Sources */,
				AC85D5AC2BC7767000F4AE36 /* NavigationView11.swift in Sources */,
				AC11F4C72BCD0454007EECBB /* TabView13.swift in Sources */,
				AC2556DA2BE4B860002BB8FA /* QRCodeScannerView.swift in Sources */,
				AC25571D2BEB0019002BB8FA /* ContentView20_2.swift in Sources */,
				AC69D5F52BF34692004F25C8 /* ContentView24.swift in Sources */,
				AC25570F2BEA11E1002BB8FA /* ContentView18.swift in Sources */,
				AC20F3A62BFB1F5A00ACF354 /* AppStore.swift in Sources */,
				AC85D5B12BC7C1D800F4AE36 /* ContentView12.swift in Sources */,
				AC5F535A2BEC5539002614FB /* ContentView22.swift in Sources */,
				ACC8C8B82BFC885C00E1AFAF /* API.swift in Sources */,
				ACC8C8CD2BFDAD7600E1AFAF /* ContentView28.swift in Sources */,
				AC8B750D2BBFDCEF003504C3 /* CircleImageView6.swift in Sources */,
			);
			runOnlyForDeploymentPostprocessing = 0;
		};
		AC8B74CB2BBFCAEB003504C3 /* Sources */ = {
			isa = PBXSourcesBuildPhase;
			buildActionMask = 2147483647;
			files = (
				AC2038132BC4DC04003132AF /* ProjectBasicView8.swift in Sources */,
				AC2556CB2BE49CA2002BB8FA /* ContentView16.swift in Sources */,
				AC11F4D92BCD1CA1007EECBB /* TabView14.swift in Sources */,
				AC5F535B2BEC5539002614FB /* ContentView22.swift in Sources */,
				AC20380F2BC4DB6D003132AF /* ProjectCardView8.swift in Sources */,
				AC20380B2BC4D76B003132AF /* ContentView8.swift in Sources */,
				AC8B74D42BBFCAEB003504C3 /* SwiftUI_PracticeTests.swift in Sources */,
				AC2556F12BE9F2B8002BB8FA /* ContentView17.swift in Sources */,
				AC20F3AB2BFB235500ACF354 /* DiceView24.swift in Sources */,
				AC2557232BEB4617002BB8FA /* ContentView21.swift in Sources */,
				AC8B74EF2BBFD71E003504C3 /* ContentView1.swift in Sources */,
				AC69D5F62BF34692004F25C8 /* ContentView24.swift in Sources */,
				AC85D5B62BC7C9D000F4AE36 /* ContentView12_2.swift in Sources */,
				AC2557102BEA11E1002BB8FA /* ContentView18.swift in Sources */,
				AC2556F52BE9F3F6002BB8FA /* TapButtonStyle.swift in Sources */,
				AC2557142BEA134D002BB8FA /* RoundTextFieldStyle.swift in Sources */,
				A2F98FB42BEA5BD000F7B2A7 /* ContentView20.swift in Sources */,
				AC85D5AD2BC7767000F4AE36 /* NavigationView11.swift in Sources */,
				ACC8C8BD2BFC88CE00E1AFAF /* APIService.swift in Sources */,
				AC2556FD2BEA01F5002BB8FA /* RotationButtonStyle.swift in Sources */,
				AC25571E2BEB0019002BB8FA /* ContentView20_2.swift in Sources */,
				AC69D5FE2BF35286004F25C8 /* AppAction.swift in Sources */,
				AC8B75182BBFE1A1003504C3 /* VStackView7.swift in Sources */,
				AC11F4C82BCD0454007EECBB /* TabView13.swift in Sources */,
				AC85D5B22BC7C1D800F4AE36 /* ContentView12.swift in Sources */,
				AC20F3A32BFB1BE700ACF354 /* Reducer.swift in Sources */,
				AC20F3B02BFB2E8F00ACF354 /* ContentView25.swift in Sources */,
				AC2557272BEB4C14002BB8FA /* ProfileView21.swift in Sources */,
				AC8B75002BBFD90B003504C3 /* MyWebview4.swift in Sources */,
				AC2556EC2BE9CC14002BB8FA /* LottoGenie.swift in Sources */,
				AC8B751C2BBFE6EE003504C3 /* HStackView7.swift in Sources */,
				AC8B750A2BBFDCDD003504C3 /* ContentView6.swift in Sources */,
				AC8B75202BBFE8A7003504C3 /* ZStackView7.swift in Sources */,
				ACC8C8B42BFC883600E1AFAF /* User.swift in Sources */,
				AC8B75052BBFDCAF003504C3 /* ContentView5.swift in Sources */,
				ACC8C8B92BFC885C00E1AFAF /* API.swift in Sources */,
				AC20F3A72BFB1F5A00ACF354 /* AppStore.swift in Sources */,
				AC85D5A92BC76ABC00F4AE36 /* ListView10.swift in Sources */,
				AC69D5FA2BF3523E004F25C8 /* AppState.swift in Sources */,
				ACC8C8C92BFD79B000E1AFAF /* ProfileView25.swift in Sources */,
				AC11F4CC2BCD07CB007EECBB /* ContentView13.swift in Sources */,
				AC25572B2BEB5130002BB8FA /* ListView21.swift in Sources */,
				AC20F3B42BFB2EE600ACF354 /* ContentViewModel25.swift in Sources */,
				AC2557012BEA0556002BB8FA /* BlurButtonStyle.swift in Sources */,
				AC8B750E2BBFDCEF003504C3 /* CircleImageView6.swift in Sources */,
				AC8B74FC2BBFD8D9003504C3 /* ContentView4.swift in Sources */,
				ACC8C8CE2BFDAD7600E1AFAF /* ContentView28.swift in Sources */,
				AC2556F92BE9F8B4002BB8FA /* ReductionButtonStyle.swift in Sources */,
			);
			runOnlyForDeploymentPostprocessing = 0;
		};
		AC8B74D52BBFCAEB003504C3 /* Sources */ = {
			isa = PBXSourcesBuildPhase;
			buildActionMask = 2147483647;
			files = (
				AC2038102BC4DB6D003132AF /* ProjectCardView8.swift in Sources */,
				AC8B75062BBFDCAF003504C3 /* ContentView5.swift in Sources */,
				AC8B74DE2BBFCAEB003504C3 /* SwiftUI_PracticeUITests.swift in Sources */,
				AC8B751D2BBFE6EE003504C3 /* HStackView7.swift in Sources */,
				AC20380C2BC4D76B003132AF /* ContentView8.swift in Sources */,
				AC20F3B12BFB2E8F00ACF354 /* ContentView25.swift in Sources */,
				AC2557282BEB4C14002BB8FA /* ProfileView21.swift in Sources */,
				AC8B74F02BBFD71E003504C3 /* ContentView1.swift in Sources */,
				AC20F3AC2BFB235500ACF354 /* DiceView24.swift in Sources */,
				AC20F3A82BFB1F5A00ACF354 /* AppStore.swift in Sources */,
				AC8B750B2BBFDCDD003504C3 /* ContentView6.swift in Sources */,
				AC5F535C2BEC5539002614FB /* ContentView22.swift in Sources */,
				AC8B74E02BBFCAEB003504C3 /* SwiftUI_PracticeUITestsLaunchTests.swift in Sources */,
				AC2557152BEA134D002BB8FA /* RoundTextFieldStyle.swift in Sources */,
				AC69D5F72BF34692004F25C8 /* ContentView24.swift in Sources */,
				AC2556F62BE9F3F6002BB8FA /* TapButtonStyle.swift in Sources */,
				AC69D5FF2BF35286004F25C8 /* AppAction.swift in Sources */,
				AC85D5AA2BC76ABC00F4AE36 /* ListView10.swift in Sources */,
				AC8B75212BBFE8A7003504C3 /* ZStackView7.swift in Sources */,
				AC2556FE2BEA01F5002BB8FA /* RotationButtonStyle.swift in Sources */,
				AC8B75012BBFD90B003504C3 /* MyWebview4.swift in Sources */,
				ACC8C8CF2BFDAD7600E1AFAF /* ContentView28.swift in Sources */,
				AC20F3B52BFB2EE600ACF354 /* ContentViewModel25.swift in Sources */,
				AC20F3A42BFB1BE700ACF354 /* Reducer.swift in Sources */,
				ACC8C8B52BFC883600E1AFAF /* User.swift in Sources */,
				AC2038142BC4DC04003132AF /* ProjectBasicView8.swift in Sources */,
				AC2556F22BE9F2B8002BB8FA /* ContentView17.swift in Sources */,
				AC85D5B72BC7C9D000F4AE36 /* ContentView12_2.swift in Sources */,
				AC8B75192BBFE1A1003504C3 /* VStackView7.swift in Sources */,
				AC69D5FB2BF3523E004F25C8 /* AppState.swift in Sources */,
				AC11F4DA2BCD1CA1007EECBB /* TabView14.swift in Sources */,
				AC2557022BEA0556002BB8FA /* BlurButtonStyle.swift in Sources */,
				AC11F4CD2BCD07CB007EECBB /* ContentView13.swift in Sources */,
				AC2556CC2BE49CA2002BB8FA /* ContentView16.swift in Sources */,
				ACC8C8CA2BFD79B000E1AFAF /* ProfileView25.swift in Sources */,
				AC8B74FD2BBFD8D9003504C3 /* ContentView4.swift in Sources */,
				AC85D5AE2BC7767000F4AE36 /* NavigationView11.swift in Sources */,
				AC11F4C92BCD0454007EECBB /* TabView13.swift in Sources */,
				AC25571F2BEB0019002BB8FA /* ContentView20_2.swift in Sources */,
				AC2557112BEA11E1002BB8FA /* ContentView18.swift in Sources */,
				ACC8C8BA2BFC885C00E1AFAF /* API.swift in Sources */,
				AC85D5B32BC7C1D800F4AE36 /* ContentView12.swift in Sources */,
				AC2557242BEB4617002BB8FA /* ContentView21.swift in Sources */,
				ACC8C8BE2BFC88CE00E1AFAF /* APIService.swift in Sources */,
				A2F98FB52BEA5BD000F7B2A7 /* ContentView20.swift in Sources */,
				AC2556FA2BE9F8B4002BB8FA /* ReductionButtonStyle.swift in Sources */,
				AC8B750F2BBFDCEF003504C3 /* CircleImageView6.swift in Sources */,
				AC2556ED2BE9CC14002BB8FA /* LottoGenie.swift in Sources */,
				AC25572C2BEB5130002BB8FA /* ListView21.swift in Sources */,
			);
			runOnlyForDeploymentPostprocessing = 0;
		};
/* End PBXSourcesBuildPhase section */

/* Begin PBXTargetDependency section */
		AC8B74D12BBFCAEB003504C3 /* PBXTargetDependency */ = {
			isa = PBXTargetDependency;
			target = AC8B74BE2BBFCAE9003504C3 /* SwiftUI-Practice */;
			targetProxy = AC8B74D02BBFCAEB003504C3 /* PBXContainerItemProxy */;
		};
		AC8B74DB2BBFCAEB003504C3 /* PBXTargetDependency */ = {
			isa = PBXTargetDependency;
			target = AC8B74BE2BBFCAE9003504C3 /* SwiftUI-Practice */;
			targetProxy = AC8B74DA2BBFCAEB003504C3 /* PBXContainerItemProxy */;
		};
/* End PBXTargetDependency section */

/* Begin XCBuildConfiguration section */
		AC8B74E12BBFCAEB003504C3 /* Debug */ = {
			isa = XCBuildConfiguration;
			buildSettings = {
				ALWAYS_SEARCH_USER_PATHS = NO;
				ASSETCATALOG_COMPILER_GENERATE_SWIFT_ASSET_SYMBOL_EXTENSIONS = YES;
				CLANG_ANALYZER_NONNULL = YES;
				CLANG_ANALYZER_NUMBER_OBJECT_CONVERSION = YES_AGGRESSIVE;
				CLANG_CXX_LANGUAGE_STANDARD = "gnu++20";
				CLANG_ENABLE_MODULES = YES;
				CLANG_ENABLE_OBJC_ARC = YES;
				CLANG_ENABLE_OBJC_WEAK = YES;
				CLANG_WARN_BLOCK_CAPTURE_AUTORELEASING = YES;
				CLANG_WARN_BOOL_CONVERSION = YES;
				CLANG_WARN_COMMA = YES;
				CLANG_WARN_CONSTANT_CONVERSION = YES;
				CLANG_WARN_DEPRECATED_OBJC_IMPLEMENTATIONS = YES;
				CLANG_WARN_DIRECT_OBJC_ISA_USAGE = YES_ERROR;
				CLANG_WARN_DOCUMENTATION_COMMENTS = YES;
				CLANG_WARN_EMPTY_BODY = YES;
				CLANG_WARN_ENUM_CONVERSION = YES;
				CLANG_WARN_INFINITE_RECURSION = YES;
				CLANG_WARN_INT_CONVERSION = YES;
				CLANG_WARN_NON_LITERAL_NULL_CONVERSION = YES;
				CLANG_WARN_OBJC_IMPLICIT_RETAIN_SELF = YES;
				CLANG_WARN_OBJC_LITERAL_CONVERSION = YES;
				CLANG_WARN_OBJC_ROOT_CLASS = YES_ERROR;
				CLANG_WARN_QUOTED_INCLUDE_IN_FRAMEWORK_HEADER = YES;
				CLANG_WARN_RANGE_LOOP_ANALYSIS = YES;
				CLANG_WARN_STRICT_PROTOTYPES = YES;
				CLANG_WARN_SUSPICIOUS_MOVE = YES;
				CLANG_WARN_UNGUARDED_AVAILABILITY = YES_AGGRESSIVE;
				CLANG_WARN_UNREACHABLE_CODE = YES;
				CLANG_WARN__DUPLICATE_METHOD_MATCH = YES;
				COPY_PHASE_STRIP = NO;
				DEBUG_INFORMATION_FORMAT = dwarf;
				ENABLE_STRICT_OBJC_MSGSEND = YES;
				ENABLE_TESTABILITY = YES;
				ENABLE_USER_SCRIPT_SANDBOXING = YES;
				GCC_C_LANGUAGE_STANDARD = gnu17;
				GCC_DYNAMIC_NO_PIC = NO;
				GCC_NO_COMMON_BLOCKS = YES;
				GCC_OPTIMIZATION_LEVEL = 0;
				GCC_PREPROCESSOR_DEFINITIONS = (
					"DEBUG=1",
					"$(inherited)",
				);
				GCC_WARN_64_TO_32_BIT_CONVERSION = YES;
				GCC_WARN_ABOUT_RETURN_TYPE = YES_ERROR;
				GCC_WARN_UNDECLARED_SELECTOR = YES;
				GCC_WARN_UNINITIALIZED_AUTOS = YES_AGGRESSIVE;
				GCC_WARN_UNUSED_FUNCTION = YES;
				GCC_WARN_UNUSED_VARIABLE = YES;
				IPHONEOS_DEPLOYMENT_TARGET = 17.4;
				LOCALIZATION_PREFERS_STRING_CATALOGS = YES;
				MTL_ENABLE_DEBUG_INFO = INCLUDE_SOURCE;
				MTL_FAST_MATH = YES;
				ONLY_ACTIVE_ARCH = YES;
				SDKROOT = iphoneos;
				SWIFT_ACTIVE_COMPILATION_CONDITIONS = "DEBUG $(inherited)";
				SWIFT_OPTIMIZATION_LEVEL = "-Onone";
			};
			name = Debug;
		};
		AC8B74E22BBFCAEB003504C3 /* Release */ = {
			isa = XCBuildConfiguration;
			buildSettings = {
				ALWAYS_SEARCH_USER_PATHS = NO;
				ASSETCATALOG_COMPILER_GENERATE_SWIFT_ASSET_SYMBOL_EXTENSIONS = YES;
				CLANG_ANALYZER_NONNULL = YES;
				CLANG_ANALYZER_NUMBER_OBJECT_CONVERSION = YES_AGGRESSIVE;
				CLANG_CXX_LANGUAGE_STANDARD = "gnu++20";
				CLANG_ENABLE_MODULES = YES;
				CLANG_ENABLE_OBJC_ARC = YES;
				CLANG_ENABLE_OBJC_WEAK = YES;
				CLANG_WARN_BLOCK_CAPTURE_AUTORELEASING = YES;
				CLANG_WARN_BOOL_CONVERSION = YES;
				CLANG_WARN_COMMA = YES;
				CLANG_WARN_CONSTANT_CONVERSION = YES;
				CLANG_WARN_DEPRECATED_OBJC_IMPLEMENTATIONS = YES;
				CLANG_WARN_DIRECT_OBJC_ISA_USAGE = YES_ERROR;
				CLANG_WARN_DOCUMENTATION_COMMENTS = YES;
				CLANG_WARN_EMPTY_BODY = YES;
				CLANG_WARN_ENUM_CONVERSION = YES;
				CLANG_WARN_INFINITE_RECURSION = YES;
				CLANG_WARN_INT_CONVERSION = YES;
				CLANG_WARN_NON_LITERAL_NULL_CONVERSION = YES;
				CLANG_WARN_OBJC_IMPLICIT_RETAIN_SELF = YES;
				CLANG_WARN_OBJC_LITERAL_CONVERSION = YES;
				CLANG_WARN_OBJC_ROOT_CLASS = YES_ERROR;
				CLANG_WARN_QUOTED_INCLUDE_IN_FRAMEWORK_HEADER = YES;
				CLANG_WARN_RANGE_LOOP_ANALYSIS = YES;
				CLANG_WARN_STRICT_PROTOTYPES = YES;
				CLANG_WARN_SUSPICIOUS_MOVE = YES;
				CLANG_WARN_UNGUARDED_AVAILABILITY = YES_AGGRESSIVE;
				CLANG_WARN_UNREACHABLE_CODE = YES;
				CLANG_WARN__DUPLICATE_METHOD_MATCH = YES;
				COPY_PHASE_STRIP = NO;
				DEBUG_INFORMATION_FORMAT = "dwarf-with-dsym";
				ENABLE_NS_ASSERTIONS = NO;
				ENABLE_STRICT_OBJC_MSGSEND = YES;
				ENABLE_USER_SCRIPT_SANDBOXING = YES;
				GCC_C_LANGUAGE_STANDARD = gnu17;
				GCC_NO_COMMON_BLOCKS = YES;
				GCC_WARN_64_TO_32_BIT_CONVERSION = YES;
				GCC_WARN_ABOUT_RETURN_TYPE = YES_ERROR;
				GCC_WARN_UNDECLARED_SELECTOR = YES;
				GCC_WARN_UNINITIALIZED_AUTOS = YES_AGGRESSIVE;
				GCC_WARN_UNUSED_FUNCTION = YES;
				GCC_WARN_UNUSED_VARIABLE = YES;
				IPHONEOS_DEPLOYMENT_TARGET = 17.4;
				LOCALIZATION_PREFERS_STRING_CATALOGS = YES;
				MTL_ENABLE_DEBUG_INFO = NO;
				MTL_FAST_MATH = YES;
				SDKROOT = iphoneos;
				SWIFT_COMPILATION_MODE = wholemodule;
				VALIDATE_PRODUCT = YES;
			};
			name = Release;
		};
		AC8B74E42BBFCAEB003504C3 /* Debug */ = {
			isa = XCBuildConfiguration;
			buildSettings = {
				ASSETCATALOG_COMPILER_APPICON_NAME = AppIcon;
				ASSETCATALOG_COMPILER_GLOBAL_ACCENT_COLOR_NAME = AccentColor;
				CODE_SIGN_IDENTITY = "Apple Development";
				CODE_SIGN_STYLE = Automatic;
				CURRENT_PROJECT_VERSION = 1;
				DEVELOPMENT_ASSET_PATHS = "\"SwiftUI-Practice/Preview Content\"";
				DEVELOPMENT_TEAM = S3JUP5Z7K9;
				ENABLE_PREVIEWS = YES;
				GENERATE_INFOPLIST_FILE = YES;
				INFOPLIST_FILE = "SwiftUI-Practice/Info.plist";
				INFOPLIST_KEY_NSCameraUsageDescription = "QR코드 이용을 위해서 권한.";
				INFOPLIST_KEY_UIApplicationSceneManifest_Generation = YES;
				INFOPLIST_KEY_UIApplicationSupportsIndirectInputEvents = YES;
				INFOPLIST_KEY_UILaunchScreen_Generation = YES;
				INFOPLIST_KEY_UISupportedInterfaceOrientations_iPad = "UIInterfaceOrientationPortrait UIInterfaceOrientationPortraitUpsideDown UIInterfaceOrientationLandscapeLeft UIInterfaceOrientationLandscapeRight";
				INFOPLIST_KEY_UISupportedInterfaceOrientations_iPhone = "UIInterfaceOrientationPortrait UIInterfaceOrientationLandscapeLeft UIInterfaceOrientationLandscapeRight";
				LD_RUNPATH_SEARCH_PATHS = (
					"$(inherited)",
					"@executable_path/Frameworks",
				);
				MARKETING_VERSION = 1.0;
				PRODUCT_BUNDLE_IDENTIFIER = "com.incross.SwiftUI-Practice";
				PRODUCT_NAME = "$(TARGET_NAME)";
				PROVISIONING_PROFILE_SPECIFIER = "";
				SWIFT_EMIT_LOC_STRINGS = YES;
				SWIFT_VERSION = 5.0;
				TARGETED_DEVICE_FAMILY = "1,2";
			};
			name = Debug;
		};
		AC8B74E52BBFCAEB003504C3 /* Release */ = {
			isa = XCBuildConfiguration;
			buildSettings = {
				ASSETCATALOG_COMPILER_APPICON_NAME = AppIcon;
				ASSETCATALOG_COMPILER_GLOBAL_ACCENT_COLOR_NAME = AccentColor;
				CODE_SIGN_IDENTITY = "Apple Development";
				CODE_SIGN_STYLE = Automatic;
				CURRENT_PROJECT_VERSION = 1;
				DEVELOPMENT_ASSET_PATHS = "\"SwiftUI-Practice/Preview Content\"";
				DEVELOPMENT_TEAM = S3JUP5Z7K9;
				ENABLE_PREVIEWS = YES;
				GENERATE_INFOPLIST_FILE = YES;
				INFOPLIST_FILE = "SwiftUI-Practice/Info.plist";
				INFOPLIST_KEY_NSCameraUsageDescription = "QR코드 이용을 위해서 권한.";
				INFOPLIST_KEY_UIApplicationSceneManifest_Generation = YES;
				INFOPLIST_KEY_UIApplicationSupportsIndirectInputEvents = YES;
				INFOPLIST_KEY_UILaunchScreen_Generation = YES;
				INFOPLIST_KEY_UISupportedInterfaceOrientations_iPad = "UIInterfaceOrientationPortrait UIInterfaceOrientationPortraitUpsideDown UIInterfaceOrientationLandscapeLeft UIInterfaceOrientationLandscapeRight";
				INFOPLIST_KEY_UISupportedInterfaceOrientations_iPhone = "UIInterfaceOrientationPortrait UIInterfaceOrientationLandscapeLeft UIInterfaceOrientationLandscapeRight";
				LD_RUNPATH_SEARCH_PATHS = (
					"$(inherited)",
					"@executable_path/Frameworks",
				);
				MARKETING_VERSION = 1.0;
				PRODUCT_BUNDLE_IDENTIFIER = "com.incross.SwiftUI-Practice";
				PRODUCT_NAME = "$(TARGET_NAME)";
				PROVISIONING_PROFILE_SPECIFIER = "";
				SWIFT_EMIT_LOC_STRINGS = YES;
				SWIFT_VERSION = 5.0;
				TARGETED_DEVICE_FAMILY = "1,2";
			};
			name = Release;
		};
		AC8B74E72BBFCAEB003504C3 /* Debug */ = {
			isa = XCBuildConfiguration;
			buildSettings = {
				ALWAYS_EMBED_SWIFT_STANDARD_LIBRARIES = YES;
				BUNDLE_LOADER = "$(TEST_HOST)";
				CODE_SIGN_STYLE = Automatic;
				CURRENT_PROJECT_VERSION = 1;
				GENERATE_INFOPLIST_FILE = YES;
				IPHONEOS_DEPLOYMENT_TARGET = 17.4;
				MARKETING_VERSION = 1.0;
				PRODUCT_BUNDLE_IDENTIFIER = "com.incross.SwiftUI-PracticeTests";
				PRODUCT_NAME = "$(TARGET_NAME)";
				SWIFT_EMIT_LOC_STRINGS = NO;
				SWIFT_VERSION = 5.0;
				TARGETED_DEVICE_FAMILY = "1,2";
				TEST_HOST = "$(BUILT_PRODUCTS_DIR)/SwiftUI-Practice.app/$(BUNDLE_EXECUTABLE_FOLDER_PATH)/SwiftUI-Practice";
			};
			name = Debug;
		};
		AC8B74E82BBFCAEB003504C3 /* Release */ = {
			isa = XCBuildConfiguration;
			buildSettings = {
				ALWAYS_EMBED_SWIFT_STANDARD_LIBRARIES = YES;
				BUNDLE_LOADER = "$(TEST_HOST)";
				CODE_SIGN_STYLE = Automatic;
				CURRENT_PROJECT_VERSION = 1;
				GENERATE_INFOPLIST_FILE = YES;
				IPHONEOS_DEPLOYMENT_TARGET = 17.4;
				MARKETING_VERSION = 1.0;
				PRODUCT_BUNDLE_IDENTIFIER = "com.incross.SwiftUI-PracticeTests";
				PRODUCT_NAME = "$(TARGET_NAME)";
				SWIFT_EMIT_LOC_STRINGS = NO;
				SWIFT_VERSION = 5.0;
				TARGETED_DEVICE_FAMILY = "1,2";
				TEST_HOST = "$(BUILT_PRODUCTS_DIR)/SwiftUI-Practice.app/$(BUNDLE_EXECUTABLE_FOLDER_PATH)/SwiftUI-Practice";
			};
			name = Release;
		};
		AC8B74EA2BBFCAEB003504C3 /* Debug */ = {
			isa = XCBuildConfiguration;
			buildSettings = {
				ALWAYS_EMBED_SWIFT_STANDARD_LIBRARIES = YES;
				CODE_SIGN_STYLE = Automatic;
				CURRENT_PROJECT_VERSION = 1;
				GENERATE_INFOPLIST_FILE = YES;
				INFOPLIST_FILE = "SwiftUI-PracticeUITests/Info.plist";
				MARKETING_VERSION = 1.0;
				PRODUCT_BUNDLE_IDENTIFIER = "com.incross.SwiftUI-PracticeUITests";
				PRODUCT_NAME = "$(TARGET_NAME)";
				SWIFT_EMIT_LOC_STRINGS = NO;
				SWIFT_VERSION = 5.0;
				TARGETED_DEVICE_FAMILY = "1,2";
				TEST_TARGET_NAME = "SwiftUI-Practice";
			};
			name = Debug;
		};
		AC8B74EB2BBFCAEB003504C3 /* Release */ = {
			isa = XCBuildConfiguration;
			buildSettings = {
				ALWAYS_EMBED_SWIFT_STANDARD_LIBRARIES = YES;
				CODE_SIGN_STYLE = Automatic;
				CURRENT_PROJECT_VERSION = 1;
				GENERATE_INFOPLIST_FILE = YES;
				INFOPLIST_FILE = "SwiftUI-PracticeUITests/Info.plist";
				MARKETING_VERSION = 1.0;
				PRODUCT_BUNDLE_IDENTIFIER = "com.incross.SwiftUI-PracticeUITests";
				PRODUCT_NAME = "$(TARGET_NAME)";
				SWIFT_EMIT_LOC_STRINGS = NO;
				SWIFT_VERSION = 5.0;
				TARGETED_DEVICE_FAMILY = "1,2";
				TEST_TARGET_NAME = "SwiftUI-Practice";
			};
			name = Release;
		};
/* End XCBuildConfiguration section */

/* Begin XCConfigurationList section */
		AC8B74BA2BBFCAE9003504C3 /* Build configuration list for PBXProject "SwiftUI-Practice" */ = {
			isa = XCConfigurationList;
			buildConfigurations = (
				AC8B74E12BBFCAEB003504C3 /* Debug */,
				AC8B74E22BBFCAEB003504C3 /* Release */,
			);
			defaultConfigurationIsVisible = 0;
			defaultConfigurationName = Release;
		};
		AC8B74E32BBFCAEB003504C3 /* Build configuration list for PBXNativeTarget "SwiftUI-Practice" */ = {
			isa = XCConfigurationList;
			buildConfigurations = (
				AC8B74E42BBFCAEB003504C3 /* Debug */,
				AC8B74E52BBFCAEB003504C3 /* Release */,
			);
			defaultConfigurationIsVisible = 0;
			defaultConfigurationName = Release;
		};
		AC8B74E62BBFCAEB003504C3 /* Build configuration list for PBXNativeTarget "SwiftUI-PracticeTests" */ = {
			isa = XCConfigurationList;
			buildConfigurations = (
				AC8B74E72BBFCAEB003504C3 /* Debug */,
				AC8B74E82BBFCAEB003504C3 /* Release */,
			);
			defaultConfigurationIsVisible = 0;
			defaultConfigurationName = Release;
		};
		AC8B74E92BBFCAEB003504C3 /* Build configuration list for PBXNativeTarget "SwiftUI-PracticeUITests" */ = {
			isa = XCConfigurationList;
			buildConfigurations = (
				AC8B74EA2BBFCAEB003504C3 /* Debug */,
				AC8B74EB2BBFCAEB003504C3 /* Release */,
			);
			defaultConfigurationIsVisible = 0;
			defaultConfigurationName = Release;
		};
/* End XCConfigurationList section */

/* Begin XCRemoteSwiftPackageReference section */
		AC2556D22BE4B3A1002BB8FA /* XCRemoteSwiftPackageReference "CodeScanner" */ = {
			isa = XCRemoteSwiftPackageReference;
			repositoryURL = "https://github.com/twostraws/CodeScanner";
			requirement = {
				kind = upToNextMajorVersion;
				minimumVersion = 2.4.1;
			};
		};
		ACC8C8BF2BFC8A0B00E1AFAF /* XCRemoteSwiftPackageReference "Alamofire" */ = {
			isa = XCRemoteSwiftPackageReference;
			repositoryURL = "https://github.com/Alamofire/Alamofire";
			requirement = {
				kind = upToNextMajorVersion;
				minimumVersion = 5.9.1;
			};
		};
/* End XCRemoteSwiftPackageReference section */

/* Begin XCSwiftPackageProductDependency section */
		AC2556D32BE4B3A1002BB8FA /* CodeScanner */ = {
			isa = XCSwiftPackageProductDependency;
			package = AC2556D22BE4B3A1002BB8FA /* XCRemoteSwiftPackageReference "CodeScanner" */;
			productName = CodeScanner;
		};
		AC2556DB2BE4CC9C002BB8FA /* CodeScanner */ = {
			isa = XCSwiftPackageProductDependency;
			package = AC2556D22BE4B3A1002BB8FA /* XCRemoteSwiftPackageReference "CodeScanner" */;
			productName = CodeScanner;
		};
		AC2556DE2BE4CCAB002BB8FA /* CodeScanner */ = {
			isa = XCSwiftPackageProductDependency;
			package = AC2556D22BE4B3A1002BB8FA /* XCRemoteSwiftPackageReference "CodeScanner" */;
			productName = CodeScanner;
		};
		ACC8C8C02BFC8A0B00E1AFAF /* Alamofire */ = {
			isa = XCSwiftPackageProductDependency;
			package = ACC8C8BF2BFC8A0B00E1AFAF /* XCRemoteSwiftPackageReference "Alamofire" */;
			productName = Alamofire;
		};
		ACC8C8C32BFC93ED00E1AFAF /* Alamofire */ = {
			isa = XCSwiftPackageProductDependency;
			package = ACC8C8BF2BFC8A0B00E1AFAF /* XCRemoteSwiftPackageReference "Alamofire" */;
			productName = Alamofire;
		};
		ACC8C8C52BFC93F100E1AFAF /* Alamofire */ = {
			isa = XCSwiftPackageProductDependency;
			package = ACC8C8BF2BFC8A0B00E1AFAF /* XCRemoteSwiftPackageReference "Alamofire" */;
			productName = Alamofire;
		};
/* End XCSwiftPackageProductDependency section */
	};
	rootObject = AC8B74B72BBFCAE9003504C3 /* Project object */;
}
